
Microsoft Visual Studio Solution File, Format Version 11.00
# Visual Studio 2010
Project("{8BC9CEB8-8B4A-11D0-8D11-00A0C91BC942}") = "App_BulletExampleBrowser", "App_BulletExampleBrowser.vcxproj", "{857CC5AB-E528-8441-A0B2-711D0483F392}"
	ProjectSection(ProjectDependencies) = postProject
		{4F975850-C458-8944-B8DD-8C9BB9223C0D} = {4F975850-C458-8944-B8DD-8C9BB9223C0D}
		{91C3837D-E6C2-CF4E-AA75-B4B3F5836363} = {91C3837D-E6C2-CF4E-AA75-B4B3F5836363}
		{5597E347-212C-6D40-8EF3-97BD86567107} = {5597E347-212C-6D40-8EF3-97BD86567107}
		{9B7AF303-60B3-BD4E-8712-625349D73867} = {9B7AF303-60B3-BD4E-8712-625349D73867}
		{AD627CF1-0677-EE4D-9612-1DF269D44F20} = {AD627CF1-0677-EE4D-9612-1DF269D44F20}
		{79C95A04-C5EB-B140-B6A8-E51B49A787C4} = {79C95A04-C5EB-B140-B6A8-E51B49A787C4}
		{5C6D48A9-BEF3-4443-BDA4-C486ED35CD64} = {5C6D48A9-BEF3-4443-BDA4-C486ED35CD64}
		{479237FF-2BA7-1E4F-AD92-90153F607558} = {479237FF-2BA7-1E4F-AD92-90153F607558}
		{A287810F-4077-F84C-AAB7-359E09F876C6} = {A287810F-4077-F84C-AAB7-359E09F876C6}
		{E05F862B-14EB-8A49-97D1-FC645DE36920} = {E05F862B-14EB-8A49-97D1-FC645DE36920}
		{BA38C860-5F5B-394E-9281-AF654D16F3CA} = {BA38C860-5F5B-394E-9281-AF654D16F3CA}
		{FD1C513C-B583-6445-9121-D8F46B681C9A} = {FD1C513C-B583-6445-9121-D8F46B681C9A}
		{C88C784F-DAD2-3042-A97D-AA8D29251FD7} = {C88C784F-DAD2-3042-A97D-AA8D29251FD7}
		{B5D81C99-8046-1943-8403-B44D7C26DA5F} = {B5D81C99-8046-1943-8403-B44D7C26DA5F}
		{3C6CAA16-C0C3-154F-A354-2522E3427DE9} = {3C6CAA16-C0C3-154F-A354-2522E3427DE9}
	EndProjectSection
EndProject
Project("{8BC9CEB8-8B4A-11D0-8D11-00A0C91BC942}") = "BulletExampleBrowserLib", "BulletExampleBrowserLib.vcxproj", "{4F975850-C458-8944-B8DD-8C9BB9223C0D}"
EndProject
Project("{8BC9CEB8-8B4A-11D0-8D11-00A0C91BC942}") = "OpenGL_Window", "OpenGL_Window.vcxproj", "{5597E347-212C-6D40-8EF3-97BD86567107}"
EndProject
Project("{8BC9CEB8-8B4A-11D0-8D11-00A0C91BC942}") = "gwen", "gwen.vcxproj", "{91C3837D-E6C2-CF4E-AA75-B4B3F5836363}"
EndProject
Project("{8BC9CEB8-8B4A-11D0-8D11-00A0C91BC942}") = "App_SimpleOpenGL3", "App_SimpleOpenGL3.vcxproj", "{7D07B399-8637-0548-B5B3-BAE2A9DB75F4}"
	ProjectSection(ProjectDependencies) = postProject
		{5597E347-212C-6D40-8EF3-97BD86567107} = {5597E347-212C-6D40-8EF3-97BD86567107}
		{BA38C860-5F5B-394E-9281-AF654D16F3CA} = {BA38C860-5F5B-394E-9281-AF654D16F3CA}
	EndProjectSection
EndProject
Project("{8BC9CEB8-8B4A-11D0-8D11-00A0C91BC942}") = "App_TinyRenderer", "App_TinyRenderer.vcxproj", "{24E0B952-16C7-DC4F-99FF-2F543A2D2A2F}"
	ProjectSection(ProjectDependencies) = postProject
		{5597E347-212C-6D40-8EF3-97BD86567107} = {5597E347-212C-6D40-8EF3-97BD86567107}
		{BA38C860-5F5B-394E-9281-AF654D16F3CA} = {BA38C860-5F5B-394E-9281-AF654D16F3CA}
	EndProjectSection
EndProject
Project("{8BC9CEB8-8B4A-11D0-8D11-00A0C91BC942}") = "App_HelloWorld", "App_HelloWorld.vcxproj", "{6FEC6CD1-4587-BA40-9ADF-5BEAF497757A}"
	ProjectSection(ProjectDependencies) = postProject
		{5C6D48A9-BEF3-4443-BDA4-C486ED35CD64} = {5C6D48A9-BEF3-4443-BDA4-C486ED35CD64}
		{479237FF-2BA7-1E4F-AD92-90153F607558} = {479237FF-2BA7-1E4F-AD92-90153F607558}
		{A287810F-4077-F84C-AAB7-359E09F876C6} = {A287810F-4077-F84C-AAB7-359E09F876C6}
	EndProjectSection
EndProject
Project("{8BC9CEB8-8B4A-11D0-8D11-00A0C91BC942}") = "App_BasicExample", "App_BasicExample.vcxproj", "{9C35C7FD-9D81-ED4D-BA14-FABF28203CE5}"
	ProjectSection(ProjectDependencies) = postProject
		{5C6D48A9-BEF3-4443-BDA4-C486ED35CD64} = {5C6D48A9-BEF3-4443-BDA4-C486ED35CD64}
		{479237FF-2BA7-1E4F-AD92-90153F607558} = {479237FF-2BA7-1E4F-AD92-90153F607558}
		{A287810F-4077-F84C-AAB7-359E09F876C6} = {A287810F-4077-F84C-AAB7-359E09F876C6}
	EndProjectSection
EndProject
Project("{8BC9CEB8-8B4A-11D0-8D11-00A0C91BC942}") = "App_BasicExampleGui", "App_BasicExampleGui.vcxproj", "{76FA66F5-9522-554D-9644-A30DB441323A}"
	ProjectSection(ProjectDependencies) = postProject
		{5C6D48A9-BEF3-4443-BDA4-C486ED35CD64} = {5C6D48A9-BEF3-4443-BDA4-C486ED35CD64}
		{479237FF-2BA7-1E4F-AD92-90153F607558} = {479237FF-2BA7-1E4F-AD92-90153F607558}
		{A287810F-4077-F84C-AAB7-359E09F876C6} = {A287810F-4077-F84C-AAB7-359E09F876C6}
		{5597E347-212C-6D40-8EF3-97BD86567107} = {5597E347-212C-6D40-8EF3-97BD86567107}
		{BA38C860-5F5B-394E-9281-AF654D16F3CA} = {BA38C860-5F5B-394E-9281-AF654D16F3CA}
	EndProjectSection
EndProject
Project("{8BC9CEB8-8B4A-11D0-8D11-00A0C91BC942}") = "App_BasicExampleGuiWithSoftwareRenderer", "App_BasicExampleGuiWithSoftwareRenderer.vcxproj", "{D9EF285F-45EF-6743-A3FF-839B48E1072E}"
	ProjectSection(ProjectDependencies) = postProject
		{5C6D48A9-BEF3-4443-BDA4-C486ED35CD64} = {5C6D48A9-BEF3-4443-BDA4-C486ED35CD64}
		{479237FF-2BA7-1E4F-AD92-90153F607558} = {479237FF-2BA7-1E4F-AD92-90153F607558}
		{A287810F-4077-F84C-AAB7-359E09F876C6} = {A287810F-4077-F84C-AAB7-359E09F876C6}
		{5597E347-212C-6D40-8EF3-97BD86567107} = {5597E347-212C-6D40-8EF3-97BD86567107}
		{BA38C860-5F5B-394E-9281-AF654D16F3CA} = {BA38C860-5F5B-394E-9281-AF654D16F3CA}
	EndProjectSection
EndProject
Project("{8BC9CEB8-8B4A-11D0-8D11-00A0C91BC942}") = "App_BasicExampleTinyRenderer", "App_BasicExampleTinyRenderer.vcxproj", "{4363F661-4F0E-B549-A682-25A859D72BBC}"
	ProjectSection(ProjectDependencies) = postProject
		{5C6D48A9-BEF3-4443-BDA4-C486ED35CD64} = {5C6D48A9-BEF3-4443-BDA4-C486ED35CD64}
		{479237FF-2BA7-1E4F-AD92-90153F607558} = {479237FF-2BA7-1E4F-AD92-90153F607558}
		{A287810F-4077-F84C-AAB7-359E09F876C6} = {A287810F-4077-F84C-AAB7-359E09F876C6}
		{BA38C860-5F5B-394E-9281-AF654D16F3CA} = {BA38C860-5F5B-394E-9281-AF654D16F3CA}
	EndProjectSection
EndProject
Project("{8BC9CEB8-8B4A-11D0-8D11-00A0C91BC942}") = "App_InverseDynamicsExample", "App_InverseDynamicsExample.vcxproj", "{A4C5DA78-C0D0-3C44-88A4-0AC482E8010F}"
	ProjectSection(ProjectDependencies) = postProject
		{AD627CF1-0677-EE4D-9612-1DF269D44F20} = {AD627CF1-0677-EE4D-9612-1DF269D44F20}
		{79C95A04-C5EB-B140-B6A8-E51B49A787C4} = {79C95A04-C5EB-B140-B6A8-E51B49A787C4}
		{BA38C860-5F5B-394E-9281-AF654D16F3CA} = {BA38C860-5F5B-394E-9281-AF654D16F3CA}
		{5C6D48A9-BEF3-4443-BDA4-C486ED35CD64} = {5C6D48A9-BEF3-4443-BDA4-C486ED35CD64}
		{479237FF-2BA7-1E4F-AD92-90153F607558} = {479237FF-2BA7-1E4F-AD92-90153F607558}
		{A287810F-4077-F84C-AAB7-359E09F876C6} = {A287810F-4077-F84C-AAB7-359E09F876C6}
	EndProjectSection
EndProject
Project("{8BC9CEB8-8B4A-11D0-8D11-00A0C91BC942}") = "App_InverseDynamicsExampleGui", "App_InverseDynamicsExampleGui.vcxproj", "{5C5962FA-D6D3-6C46-A983-8337DAD0C8FE}"
	ProjectSection(ProjectDependencies) = postProject
		{AD627CF1-0677-EE4D-9612-1DF269D44F20} = {AD627CF1-0677-EE4D-9612-1DF269D44F20}
		{79C95A04-C5EB-B140-B6A8-E51B49A787C4} = {79C95A04-C5EB-B140-B6A8-E51B49A787C4}
		{5C6D48A9-BEF3-4443-BDA4-C486ED35CD64} = {5C6D48A9-BEF3-4443-BDA4-C486ED35CD64}
		{479237FF-2BA7-1E4F-AD92-90153F607558} = {479237FF-2BA7-1E4F-AD92-90153F607558}
		{A287810F-4077-F84C-AAB7-359E09F876C6} = {A287810F-4077-F84C-AAB7-359E09F876C6}
		{5597E347-212C-6D40-8EF3-97BD86567107} = {5597E347-212C-6D40-8EF3-97BD86567107}
		{BA38C860-5F5B-394E-9281-AF654D16F3CA} = {BA38C860-5F5B-394E-9281-AF654D16F3CA}
	EndProjectSection
EndProject
Project("{8BC9CEB8-8B4A-11D0-8D11-00A0C91BC942}") = "App_InverseDynamicsExampleGuiWithSoftwareRenderer", "App_InverseDynamicsExampleGuiWithSoftwareRenderer.vcxproj", "{108107B1-98B1-9347-8063-6F908E4D3371}"
	ProjectSection(ProjectDependencies) = postProject
		{AD627CF1-0677-EE4D-9612-1DF269D44F20} = {AD627CF1-0677-EE4D-9612-1DF269D44F20}
		{79C95A04-C5EB-B140-B6A8-E51B49A787C4} = {79C95A04-C5EB-B140-B6A8-E51B49A787C4}
		{5C6D48A9-BEF3-4443-BDA4-C486ED35CD64} = {5C6D48A9-BEF3-4443-BDA4-C486ED35CD64}
		{479237FF-2BA7-1E4F-AD92-90153F607558} = {479237FF-2BA7-1E4F-AD92-90153F607558}
		{A287810F-4077-F84C-AAB7-359E09F876C6} = {A287810F-4077-F84C-AAB7-359E09F876C6}
		{5597E347-212C-6D40-8EF3-97BD86567107} = {5597E347-212C-6D40-8EF3-97BD86567107}
		{BA38C860-5F5B-394E-9281-AF654D16F3CA} = {BA38C860-5F5B-394E-9281-AF654D16F3CA}
	EndProjectSection
EndProject
Project("{8BC9CEB8-8B4A-11D0-8D11-00A0C91BC942}") = "App_InverseDynamicsExampleTinyRenderer", "App_InverseDynamicsExampleTinyRenderer.vcxproj", "{2713C7AD-5C51-D74E-BBAB-36CDCA9B6C5D}"
	ProjectSection(ProjectDependencies) = postProject
		{AD627CF1-0677-EE4D-9612-1DF269D44F20} = {AD627CF1-0677-EE4D-9612-1DF269D44F20}
		{79C95A04-C5EB-B140-B6A8-E51B49A787C4} = {79C95A04-C5EB-B140-B6A8-E51B49A787C4}
		{5C6D48A9-BEF3-4443-BDA4-C486ED35CD64} = {5C6D48A9-BEF3-4443-BDA4-C486ED35CD64}
		{479237FF-2BA7-1E4F-AD92-90153F607558} = {479237FF-2BA7-1E4F-AD92-90153F607558}
		{A287810F-4077-F84C-AAB7-359E09F876C6} = {A287810F-4077-F84C-AAB7-359E09F876C6}
		{BA38C860-5F5B-394E-9281-AF654D16F3CA} = {BA38C860-5F5B-394E-9281-AF654D16F3CA}
	EndProjectSection
EndProject
Project("{8BC9CEB8-8B4A-11D0-8D11-00A0C91BC942}") = "App_RigidBodyFromObjExample", "App_RigidBodyFromObjExample.vcxproj", "{803D2196-784C-DA4A-811C-DEE6D5D8064A}"
	ProjectSection(ProjectDependencies) = postProject
		{AD627CF1-0677-EE4D-9612-1DF269D44F20} = {AD627CF1-0677-EE4D-9612-1DF269D44F20}
		{79C95A04-C5EB-B140-B6A8-E51B49A787C4} = {79C95A04-C5EB-B140-B6A8-E51B49A787C4}
		{BA38C860-5F5B-394E-9281-AF654D16F3CA} = {BA38C860-5F5B-394E-9281-AF654D16F3CA}
		{5C6D48A9-BEF3-4443-BDA4-C486ED35CD64} = {5C6D48A9-BEF3-4443-BDA4-C486ED35CD64}
		{479237FF-2BA7-1E4F-AD92-90153F607558} = {479237FF-2BA7-1E4F-AD92-90153F607558}
		{A287810F-4077-F84C-AAB7-359E09F876C6} = {A287810F-4077-F84C-AAB7-359E09F876C6}
	EndProjectSection
EndProject
Project("{8BC9CEB8-8B4A-11D0-8D11-00A0C91BC942}") = "App_RigidBodyFromObjExampleGui", "App_RigidBodyFromObjExampleGui.vcxproj", "{F76771E4-D768-814B-8B20-B63280DC1A72}"
	ProjectSection(ProjectDependencies) = postProject
		{AD627CF1-0677-EE4D-9612-1DF269D44F20} = {AD627CF1-0677-EE4D-9612-1DF269D44F20}
		{79C95A04-C5EB-B140-B6A8-E51B49A787C4} = {79C95A04-C5EB-B140-B6A8-E51B49A787C4}
		{5C6D48A9-BEF3-4443-BDA4-C486ED35CD64} = {5C6D48A9-BEF3-4443-BDA4-C486ED35CD64}
		{479237FF-2BA7-1E4F-AD92-90153F607558} = {479237FF-2BA7-1E4F-AD92-90153F607558}
		{A287810F-4077-F84C-AAB7-359E09F876C6} = {A287810F-4077-F84C-AAB7-359E09F876C6}
		{5597E347-212C-6D40-8EF3-97BD86567107} = {5597E347-212C-6D40-8EF3-97BD86567107}
		{BA38C860-5F5B-394E-9281-AF654D16F3CA} = {BA38C860-5F5B-394E-9281-AF654D16F3CA}
	EndProjectSection
EndProject
Project("{8BC9CEB8-8B4A-11D0-8D11-00A0C91BC942}") = "App_RigidBodyFromObjExampleGuiWithSoftwareRenderer", "App_RigidBodyFromObjExampleGuiWithSoftwareRenderer.vcxproj", "{0689EF33-B8CE-FB4D-8E78-C567EDEEDD43}"
	ProjectSection(ProjectDependencies) = postProject
		{AD627CF1-0677-EE4D-9612-1DF269D44F20} = {AD627CF1-0677-EE4D-9612-1DF269D44F20}
		{79C95A04-C5EB-B140-B6A8-E51B49A787C4} = {79C95A04-C5EB-B140-B6A8-E51B49A787C4}
		{5C6D48A9-BEF3-4443-BDA4-C486ED35CD64} = {5C6D48A9-BEF3-4443-BDA4-C486ED35CD64}
		{479237FF-2BA7-1E4F-AD92-90153F607558} = {479237FF-2BA7-1E4F-AD92-90153F607558}
		{A287810F-4077-F84C-AAB7-359E09F876C6} = {A287810F-4077-F84C-AAB7-359E09F876C6}
		{5597E347-212C-6D40-8EF3-97BD86567107} = {5597E347-212C-6D40-8EF3-97BD86567107}
		{BA38C860-5F5B-394E-9281-AF654D16F3CA} = {BA38C860-5F5B-394E-9281-AF654D16F3CA}
	EndProjectSection
EndProject
Project("{8BC9CEB8-8B4A-11D0-8D11-00A0C91BC942}") = "App_RigidBodyFromObjExampleTinyRenderer", "App_RigidBodyFromObjExampleTinyRenderer.vcxproj", "{848A671D-3F54-5A4C-9581-A4805E7FF5C6}"
	ProjectSection(ProjectDependencies) = postProject
		{AD627CF1-0677-EE4D-9612-1DF269D44F20} = {AD627CF1-0677-EE4D-9612-1DF269D44F20}
		{79C95A04-C5EB-B140-B6A8-E51B49A787C4} = {79C95A04-C5EB-B140-B6A8-E51B49A787C4}
		{5C6D48A9-BEF3-4443-BDA4-C486ED35CD64} = {5C6D48A9-BEF3-4443-BDA4-C486ED35CD64}
		{479237FF-2BA7-1E4F-AD92-90153F607558} = {479237FF-2BA7-1E4F-AD92-90153F607558}
		{A287810F-4077-F84C-AAB7-359E09F876C6} = {A287810F-4077-F84C-AAB7-359E09F876C6}
		{BA38C860-5F5B-394E-9281-AF654D16F3CA} = {BA38C860-5F5B-394E-9281-AF654D16F3CA}
	EndProjectSection
EndProject
Project("{8BC9CEB8-8B4A-11D0-8D11-00A0C91BC942}") = "App_SharedMemoryPhysics", "App_SharedMemoryPhysics.vcxproj", "{B5962B38-9944-A345-AC86-F413A0598585}"
	ProjectSection(ProjectDependencies) = postProject
		{BA38C860-5F5B-394E-9281-AF654D16F3CA} = {BA38C860-5F5B-394E-9281-AF654D16F3CA}
		{AD627CF1-0677-EE4D-9612-1DF269D44F20} = {AD627CF1-0677-EE4D-9612-1DF269D44F20}
		{79C95A04-C5EB-B140-B6A8-E51B49A787C4} = {79C95A04-C5EB-B140-B6A8-E51B49A787C4}
		{5C6D48A9-BEF3-4443-BDA4-C486ED35CD64} = {5C6D48A9-BEF3-4443-BDA4-C486ED35CD64}
		{479237FF-2BA7-1E4F-AD92-90153F607558} = {479237FF-2BA7-1E4F-AD92-90153F607558}
		{A287810F-4077-F84C-AAB7-359E09F876C6} = {A287810F-4077-F84C-AAB7-359E09F876C6}
		{E05F862B-14EB-8A49-97D1-FC645DE36920} = {E05F862B-14EB-8A49-97D1-FC645DE36920}
	EndProjectSection
EndProject
Project("{8BC9CEB8-8B4A-11D0-8D11-00A0C91BC942}") = "App_SharedMemoryPhysics_GUI", "App_SharedMemoryPhysics_GUI.vcxproj", "{00F4C920-FCC3-AE4D-BFE4-567A460840DC}"
	ProjectSection(ProjectDependencies) = postProject
		{AD627CF1-0677-EE4D-9612-1DF269D44F20} = {AD627CF1-0677-EE4D-9612-1DF269D44F20}
		{79C95A04-C5EB-B140-B6A8-E51B49A787C4} = {79C95A04-C5EB-B140-B6A8-E51B49A787C4}
		{5C6D48A9-BEF3-4443-BDA4-C486ED35CD64} = {5C6D48A9-BEF3-4443-BDA4-C486ED35CD64}
		{479237FF-2BA7-1E4F-AD92-90153F607558} = {479237FF-2BA7-1E4F-AD92-90153F607558}
		{A287810F-4077-F84C-AAB7-359E09F876C6} = {A287810F-4077-F84C-AAB7-359E09F876C6}
		{5597E347-212C-6D40-8EF3-97BD86567107} = {5597E347-212C-6D40-8EF3-97BD86567107}
		{BA38C860-5F5B-394E-9281-AF654D16F3CA} = {BA38C860-5F5B-394E-9281-AF654D16F3CA}
		{E05F862B-14EB-8A49-97D1-FC645DE36920} = {E05F862B-14EB-8A49-97D1-FC645DE36920}
	EndProjectSection
EndProject
Project("{8BC9CEB8-8B4A-11D0-8D11-00A0C91BC942}") = "App_SharedMemoryPhysics_VR", "App_SharedMemoryPhysics_VR.vcxproj", "{DBFAF6DE-7FFE-2848-8F92-4E49E0D48D29}"
	ProjectSection(ProjectDependencies) = postProject
		{AD627CF1-0677-EE4D-9612-1DF269D44F20} = {AD627CF1-0677-EE4D-9612-1DF269D44F20}
		{79C95A04-C5EB-B140-B6A8-E51B49A787C4} = {79C95A04-C5EB-B140-B6A8-E51B49A787C4}
		{BA38C860-5F5B-394E-9281-AF654D16F3CA} = {BA38C860-5F5B-394E-9281-AF654D16F3CA}
		{5C6D48A9-BEF3-4443-BDA4-C486ED35CD64} = {5C6D48A9-BEF3-4443-BDA4-C486ED35CD64}
		{479237FF-2BA7-1E4F-AD92-90153F607558} = {479237FF-2BA7-1E4F-AD92-90153F607558}
		{A287810F-4077-F84C-AAB7-359E09F876C6} = {A287810F-4077-F84C-AAB7-359E09F876C6}
		{5597E347-212C-6D40-8EF3-97BD86567107} = {5597E347-212C-6D40-8EF3-97BD86567107}
		{E05F862B-14EB-8A49-97D1-FC645DE36920} = {E05F862B-14EB-8A49-97D1-FC645DE36920}
	EndProjectSection
EndProject
Project("{8BC9CEB8-8B4A-11D0-8D11-00A0C91BC942}") = "App_PhysicsServerSharedMemoryBridgeUDP", "App_PhysicsServerSharedMemoryBridgeUDP.vcxproj", "{F2221AD1-F436-874A-8177-8B4A289D6099}"
	ProjectSection(ProjectDependencies) = postProject
		{AEDF994C-9557-FC43-B5C6-263EE973C6B1} = {AEDF994C-9557-FC43-B5C6-263EE973C6B1}
		{1D2EE50D-5702-3845-AC66-8288C6498BBC} = {1D2EE50D-5702-3845-AC66-8288C6498BBC}
		{BA38C860-5F5B-394E-9281-AF654D16F3CA} = {BA38C860-5F5B-394E-9281-AF654D16F3CA}
		{A287810F-4077-F84C-AAB7-359E09F876C6} = {A287810F-4077-F84C-AAB7-359E09F876C6}
	EndProjectSection
EndProject
Project("{8BC9CEB8-8B4A-11D0-8D11-00A0C91BC942}") = "App_PhysicsServerUDP", "App_PhysicsServerUDP.vcxproj", "{DCA88F46-A2A7-FB49-BF19-3443147C4DB9}"
	ProjectSection(ProjectDependencies) = postProject
		{AEDF994C-9557-FC43-B5C6-263EE973C6B1} = {AEDF994C-9557-FC43-B5C6-263EE973C6B1}
		{BA38C860-5F5B-394E-9281-AF654D16F3CA} = {BA38C860-5F5B-394E-9281-AF654D16F3CA}
		{AD627CF1-0677-EE4D-9612-1DF269D44F20} = {AD627CF1-0677-EE4D-9612-1DF269D44F20}
		{79C95A04-C5EB-B140-B6A8-E51B49A787C4} = {79C95A04-C5EB-B140-B6A8-E51B49A787C4}
		{5C6D48A9-BEF3-4443-BDA4-C486ED35CD64} = {5C6D48A9-BEF3-4443-BDA4-C486ED35CD64}
		{479237FF-2BA7-1E4F-AD92-90153F607558} = {479237FF-2BA7-1E4F-AD92-90153F607558}
		{A287810F-4077-F84C-AAB7-359E09F876C6} = {A287810F-4077-F84C-AAB7-359E09F876C6}
		{E05F862B-14EB-8A49-97D1-FC645DE36920} = {E05F862B-14EB-8A49-97D1-FC645DE36920}
	EndProjectSection
EndProject
Project("{8BC9CEB8-8B4A-11D0-8D11-00A0C91BC942}") = "BussIK", "BussIK.vcxproj", "{E05F862B-14EB-8A49-97D1-FC645DE36920}"
EndProject
Project("{8BC9CEB8-8B4A-11D0-8D11-00A0C91BC942}") = "App_ThreadingTest", "App_ThreadingTest.vcxproj", "{55554BAC-0315-4B44-9460-089BEF35D787}"
	ProjectSection(ProjectDependencies) = postProject
		{BA38C860-5F5B-394E-9281-AF654D16F3CA} = {BA38C860-5F5B-394E-9281-AF654D16F3CA}
	EndProjectSection
EndProject
Project("{8BC9CEB8-8B4A-11D0-8D11-00A0C91BC942}") = "Test_SharedMemoryPhysicsClient", "Test_SharedMemoryPhysicsClient.vcxproj", "{EF8A2C14-D7B8-2F49-8364-4F230F3379EB}"
	ProjectSection(ProjectDependencies) = postProject
		{1D2EE50D-5702-3845-AC66-8288C6498BBC} = {1D2EE50D-5702-3845-AC66-8288C6498BBC}
		{BA38C860-5F5B-394E-9281-AF654D16F3CA} = {BA38C860-5F5B-394E-9281-AF654D16F3CA}
		{A287810F-4077-F84C-AAB7-359E09F876C6} = {A287810F-4077-F84C-AAB7-359E09F876C6}
	EndProjectSection
EndProject
Project("{8BC9CEB8-8B4A-11D0-8D11-00A0C91BC942}") = "Test_PhysicsServerLoopBack", "Test_PhysicsServerLoopBack.vcxproj", "{E81C8DBB-DEF2-DE43-8FAC-A56312611FB5}"
	ProjectSection(ProjectDependencies) = postProject
		{AD627CF1-0677-EE4D-9612-1DF269D44F20} = {AD627CF1-0677-EE4D-9612-1DF269D44F20}
		{79C95A04-C5EB-B140-B6A8-E51B49A787C4} = {79C95A04-C5EB-B140-B6A8-E51B49A787C4}
		{1D2EE50D-5702-3845-AC66-8288C6498BBC} = {1D2EE50D-5702-3845-AC66-8288C6498BBC}
		{0F57375D-1D78-4442-972F-DDA00C2F4E3B} = {0F57375D-1D78-4442-972F-DDA00C2F4E3B}
		{BA38C860-5F5B-394E-9281-AF654D16F3CA} = {BA38C860-5F5B-394E-9281-AF654D16F3CA}
		{5C6D48A9-BEF3-4443-BDA4-C486ED35CD64} = {5C6D48A9-BEF3-4443-BDA4-C486ED35CD64}
		{479237FF-2BA7-1E4F-AD92-90153F607558} = {479237FF-2BA7-1E4F-AD92-90153F607558}
		{E05F862B-14EB-8A49-97D1-FC645DE36920} = {E05F862B-14EB-8A49-97D1-FC645DE36920}
		{A287810F-4077-F84C-AAB7-359E09F876C6} = {A287810F-4077-F84C-AAB7-359E09F876C6}
	EndProjectSection
EndProject
Project("{8BC9CEB8-8B4A-11D0-8D11-00A0C91BC942}") = "Test_PhysicsServerDirect", "Test_PhysicsServerDirect.vcxproj", "{C461C619-F6C0-6B40-9899-27A8BF26FE65}"
	ProjectSection(ProjectDependencies) = postProject
		{AD627CF1-0677-EE4D-9612-1DF269D44F20} = {AD627CF1-0677-EE4D-9612-1DF269D44F20}
		{79C95A04-C5EB-B140-B6A8-E51B49A787C4} = {79C95A04-C5EB-B140-B6A8-E51B49A787C4}
		{1D2EE50D-5702-3845-AC66-8288C6498BBC} = {1D2EE50D-5702-3845-AC66-8288C6498BBC}
		{0F57375D-1D78-4442-972F-DDA00C2F4E3B} = {0F57375D-1D78-4442-972F-DDA00C2F4E3B}
		{BA38C860-5F5B-394E-9281-AF654D16F3CA} = {BA38C860-5F5B-394E-9281-AF654D16F3CA}
		{5C6D48A9-BEF3-4443-BDA4-C486ED35CD64} = {5C6D48A9-BEF3-4443-BDA4-C486ED35CD64}
		{479237FF-2BA7-1E4F-AD92-90153F607558} = {479237FF-2BA7-1E4F-AD92-90153F607558}
		{E05F862B-14EB-8A49-97D1-FC645DE36920} = {E05F862B-14EB-8A49-97D1-FC645DE36920}
		{A287810F-4077-F84C-AAB7-359E09F876C6} = {A287810F-4077-F84C-AAB7-359E09F876C6}
	EndProjectSection
EndProject
Project("{8BC9CEB8-8B4A-11D0-8D11-00A0C91BC942}") = "Test_PhysicsServerInProcessExampleBrowser", "Test_PhysicsServerInProcessExampleBrowser.vcxproj", "{8621A73D-E355-DA46-B82C-D70C54128AFC}"
	ProjectSection(ProjectDependencies) = postProject
		{4F975850-C458-8944-B8DD-8C9BB9223C0D} = {4F975850-C458-8944-B8DD-8C9BB9223C0D}
		{91C3837D-E6C2-CF4E-AA75-B4B3F5836363} = {91C3837D-E6C2-CF4E-AA75-B4B3F5836363}
		{5597E347-212C-6D40-8EF3-97BD86567107} = {5597E347-212C-6D40-8EF3-97BD86567107}
		{1D2EE50D-5702-3845-AC66-8288C6498BBC} = {1D2EE50D-5702-3845-AC66-8288C6498BBC}
		{0F57375D-1D78-4442-972F-DDA00C2F4E3B} = {0F57375D-1D78-4442-972F-DDA00C2F4E3B}
		{9B7AF303-60B3-BD4E-8712-625349D73867} = {9B7AF303-60B3-BD4E-8712-625349D73867}
		{AD627CF1-0677-EE4D-9612-1DF269D44F20} = {AD627CF1-0677-EE4D-9612-1DF269D44F20}
		{79C95A04-C5EB-B140-B6A8-E51B49A787C4} = {79C95A04-C5EB-B140-B6A8-E51B49A787C4}
		{5C6D48A9-BEF3-4443-BDA4-C486ED35CD64} = {5C6D48A9-BEF3-4443-BDA4-C486ED35CD64}
		{479237FF-2BA7-1E4F-AD92-90153F607558} = {479237FF-2BA7-1E4F-AD92-90153F607558}
		{A287810F-4077-F84C-AAB7-359E09F876C6} = {A287810F-4077-F84C-AAB7-359E09F876C6}
		{E05F862B-14EB-8A49-97D1-FC645DE36920} = {E05F862B-14EB-8A49-97D1-FC645DE36920}
		{BA38C860-5F5B-394E-9281-AF654D16F3CA} = {BA38C860-5F5B-394E-9281-AF654D16F3CA}
		{FD1C513C-B583-6445-9121-D8F46B681C9A} = {FD1C513C-B583-6445-9121-D8F46B681C9A}
		{C88C784F-DAD2-3042-A97D-AA8D29251FD7} = {C88C784F-DAD2-3042-A97D-AA8D29251FD7}
		{B5D81C99-8046-1943-8403-B44D7C26DA5F} = {B5D81C99-8046-1943-8403-B44D7C26DA5F}
		{3C6CAA16-C0C3-154F-A354-2522E3427DE9} = {3C6CAA16-C0C3-154F-A354-2522E3427DE9}
	EndProjectSection
EndProject
Project("{8BC9CEB8-8B4A-11D0-8D11-00A0C91BC942}") = "enet", "enet.vcxproj", "{AEDF994C-9557-FC43-B5C6-263EE973C6B1}"
EndProject
Project("{8BC9CEB8-8B4A-11D0-8D11-00A0C91BC942}") = "Test_enet_nat_punchthrough_client", "Test_enet_nat_punchthrough_client.vcxproj", "{8D31CC26-FDD0-814C-9128-12DAFD71A073}"
	ProjectSection(ProjectDependencies) = postProject
		{AEDF994C-9557-FC43-B5C6-263EE973C6B1} = {AEDF994C-9557-FC43-B5C6-263EE973C6B1}
	EndProjectSection
EndProject
Project("{8BC9CEB8-8B4A-11D0-8D11-00A0C91BC942}") = "Test_enet_nat_punchthrough_server", "Test_enet_nat_punchthrough_server.vcxproj", "{213E9C30-4BE0-1748-A76A-FABBC5B4E3D4}"
	ProjectSection(ProjectDependencies) = postProject
		{AEDF994C-9557-FC43-B5C6-263EE973C6B1} = {AEDF994C-9557-FC43-B5C6-263EE973C6B1}
	EndProjectSection
EndProject
Project("{8BC9CEB8-8B4A-11D0-8D11-00A0C91BC942}") = "Test_enet_chat_client", "Test_enet_chat_client.vcxproj", "{DF5AEC09-A904-4644-BD4C-48193D119298}"
	ProjectSection(ProjectDependencies) = postProject
		{AEDF994C-9557-FC43-B5C6-263EE973C6B1} = {AEDF994C-9557-FC43-B5C6-263EE973C6B1}
	EndProjectSection
EndProject
Project("{8BC9CEB8-8B4A-11D0-8D11-00A0C91BC942}") = "Test_enet_chat_server", "Test_enet_chat_server.vcxproj", "{90BB7746-5769-1646-9954-14621E226915}"
	ProjectSection(ProjectDependencies) = postProject
		{AEDF994C-9557-FC43-B5C6-263EE973C6B1} = {AEDF994C-9557-FC43-B5C6-263EE973C6B1}
	EndProjectSection
EndProject
Project("{8BC9CEB8-8B4A-11D0-8D11-00A0C91BC942}") = "Bullet3Common", "Bullet3Common.vcxproj", "{BA38C860-5F5B-394E-9281-AF654D16F3CA}"
EndProject
Project("{8BC9CEB8-8B4A-11D0-8D11-00A0C91BC942}") = "Bullet3Geometry", "Bullet3Geometry.vcxproj", "{3C6CAA16-C0C3-154F-A354-2522E3427DE9}"
EndProject
Project("{8BC9CEB8-8B4A-11D0-8D11-00A0C91BC942}") = "Bullet3Collision", "Bullet3Collision.vcxproj", "{B5D81C99-8046-1943-8403-B44D7C26DA5F}"
EndProject
Project("{8BC9CEB8-8B4A-11D0-8D11-00A0C91BC942}") = "Bullet3Dynamics", "Bullet3Dynamics.vcxproj", "{C88C784F-DAD2-3042-A97D-AA8D29251FD7}"
EndProject
Project("{8BC9CEB8-8B4A-11D0-8D11-00A0C91BC942}") = "Bullet3OpenCL_clew", "Bullet3OpenCL_clew.vcxproj", "{FD1C513C-B583-6445-9121-D8F46B681C9A}"
EndProject
Project("{8BC9CEB8-8B4A-11D0-8D11-00A0C91BC942}") = "Bullet2FileLoader", "Bullet2FileLoader.vcxproj", "{1603D8BF-5B0E-D14D-9E92-F8FB28D5BCB3}"
EndProject
Project("{8BC9CEB8-8B4A-11D0-8D11-00A0C91BC942}") = "HACD", "HACD.vcxproj", "{7530C77E-3BC1-5B41-A332-43CF6A1E46F7}"
EndProject
Project("{8BC9CEB8-8B4A-11D0-8D11-00A0C91BC942}") = "vhacd", "vhacd.vcxproj", "{9F38CD7E-F39D-9F4E-A312-93C21DF05D08}"
EndProject
Project("{8BC9CEB8-8B4A-11D0-8D11-00A0C91BC942}") = "test_vhacd", "test_vhacd.vcxproj", "{41D48D7E-C872-DE41-8B39-83B4000622C6}"
	ProjectSection(ProjectDependencies) = postProject
		{9F38CD7E-F39D-9F4E-A312-93C21DF05D08} = {9F38CD7E-F39D-9F4E-A312-93C21DF05D08}
	EndProjectSection
EndProject
Project("{8BC9CEB8-8B4A-11D0-8D11-00A0C91BC942}") = "ConvexDecomposition", "ConvexDecomposition.vcxproj", "{E5AC999D-9D41-C84E-B8CF-7CA1A28AA055}"
EndProject
Project("{8BC9CEB8-8B4A-11D0-8D11-00A0C91BC942}") = "BulletInverseDynamicsUtils", "BulletInverseDynamicsUtils.vcxproj", "{AD627CF1-0677-EE4D-9612-1DF269D44F20}"
EndProject
Project("{8BC9CEB8-8B4A-11D0-8D11-00A0C91BC942}") = "BulletFileLoader", "BulletFileLoader.vcxproj", "{1D2EE50D-5702-3845-AC66-8288C6498BBC}"
EndProject
Project("{8BC9CEB8-8B4A-11D0-8D11-00A0C91BC942}") = "BulletWorldImporter", "BulletWorldImporter.vcxproj", "{0F57375D-1D78-4442-972F-DDA00C2F4E3B}"
EndProject
Project("{8BC9CEB8-8B4A-11D0-8D11-00A0C91BC942}") = "BulletXmlWorldImporter", "BulletXmlWorldImporter.vcxproj", "{B5E141F8-CE8E-EB4E-B143-A963A3CB85D0}"
EndProject
Project("{8BC9CEB8-8B4A-11D0-8D11-00A0C91BC942}") = "Test_LinearMath", "Test_LinearMath.vcxproj", "{913983B1-3A00-7B4B-A696-782D1F5593A5}"
	ProjectSection(ProjectDependencies) = postProject
		{5C6D48A9-BEF3-4443-BDA4-C486ED35CD64} = {5C6D48A9-BEF3-4443-BDA4-C486ED35CD64}
		{479237FF-2BA7-1E4F-AD92-90153F607558} = {479237FF-2BA7-1E4F-AD92-90153F607558}
		{A287810F-4077-F84C-AAB7-359E09F876C6} = {A287810F-4077-F84C-AAB7-359E09F876C6}
	EndProjectSection
EndProject
Project("{8BC9CEB8-8B4A-11D0-8D11-00A0C91BC942}") = "gtest", "gtest.vcxproj", "{DE14B7DE-03DA-5C4E-861E-EA0296D3F1F3}"
EndProject
Project("{8BC9CEB8-8B4A-11D0-8D11-00A0C91BC942}") = "Test_BulletCollision", "Test_BulletCollision.vcxproj", "{5C8303AC-99D2-6C4B-B878-0E994354F019}"
	ProjectSection(ProjectDependencies) = postProject
		{A287810F-4077-F84C-AAB7-359E09F876C6} = {A287810F-4077-F84C-AAB7-359E09F876C6}
		{DE14B7DE-03DA-5C4E-861E-EA0296D3F1F3} = {DE14B7DE-03DA-5C4E-861E-EA0296D3F1F3}
	EndProjectSection
EndProject
Project("{8BC9CEB8-8B4A-11D0-8D11-00A0C91BC942}") = "Test_BulletDynamics", "Test_BulletDynamics.vcxproj", "{88EE328C-A4B8-F844-AC8D-EB19CCDA6130}"
	ProjectSection(ProjectDependencies) = postProject
		{5C6D48A9-BEF3-4443-BDA4-C486ED35CD64} = {5C6D48A9-BEF3-4443-BDA4-C486ED35CD64}
		{479237FF-2BA7-1E4F-AD92-90153F607558} = {479237FF-2BA7-1E4F-AD92-90153F607558}
		{A287810F-4077-F84C-AAB7-359E09F876C6} = {A287810F-4077-F84C-AAB7-359E09F876C6}
		{DE14B7DE-03DA-5C4E-861E-EA0296D3F1F3} = {DE14B7DE-03DA-5C4E-861E-EA0296D3F1F3}
	EndProjectSection
EndProject
Project("{8BC9CEB8-8B4A-11D0-8D11-00A0C91BC942}") = "Test_InverseDynamicsKinematics", "Test_InverseDynamicsKinematics.vcxproj", "{3A154042-B163-8747-93B7-720C1F0C6347}"
	ProjectSection(ProjectDependencies) = postProject
		{AD627CF1-0677-EE4D-9612-1DF269D44F20} = {AD627CF1-0677-EE4D-9612-1DF269D44F20}
		{79C95A04-C5EB-B140-B6A8-E51B49A787C4} = {79C95A04-C5EB-B140-B6A8-E51B49A787C4}
		{BA38C860-5F5B-394E-9281-AF654D16F3CA} = {BA38C860-5F5B-394E-9281-AF654D16F3CA}
		{A287810F-4077-F84C-AAB7-359E09F876C6} = {A287810F-4077-F84C-AAB7-359E09F876C6}
		{DE14B7DE-03DA-5C4E-861E-EA0296D3F1F3} = {DE14B7DE-03DA-5C4E-861E-EA0296D3F1F3}
	EndProjectSection
EndProject
Project("{8BC9CEB8-8B4A-11D0-8D11-00A0C91BC942}") = "Test_InverseDynamicsJacobian", "Test_InverseDynamicsJacobian.vcxproj", "{A1399EB1-ABFD-A847-9756-5EA7DCE601EA}"
	ProjectSection(ProjectDependencies) = postProject
		{AD627CF1-0677-EE4D-9612-1DF269D44F20} = {AD627CF1-0677-EE4D-9612-1DF269D44F20}
		{79C95A04-C5EB-B140-B6A8-E51B49A787C4} = {79C95A04-C5EB-B140-B6A8-E51B49A787C4}
		{BA38C860-5F5B-394E-9281-AF654D16F3CA} = {BA38C860-5F5B-394E-9281-AF654D16F3CA}
		{A287810F-4077-F84C-AAB7-359E09F876C6} = {A287810F-4077-F84C-AAB7-359E09F876C6}
		{DE14B7DE-03DA-5C4E-861E-EA0296D3F1F3} = {DE14B7DE-03DA-5C4E-861E-EA0296D3F1F3}
	EndProjectSection
EndProject
Project("{8BC9CEB8-8B4A-11D0-8D11-00A0C91BC942}") = "Test_InverseForwardDynamics", "Test_InverseForwardDynamics.vcxproj", "{F96D79C8-33E4-2847-AE4A-EF4E23F04394}"
	ProjectSection(ProjectDependencies) = postProject
		{5C6D48A9-BEF3-4443-BDA4-C486ED35CD64} = {5C6D48A9-BEF3-4443-BDA4-C486ED35CD64}
		{479237FF-2BA7-1E4F-AD92-90153F607558} = {479237FF-2BA7-1E4F-AD92-90153F607558}
		{AD627CF1-0677-EE4D-9612-1DF269D44F20} = {AD627CF1-0677-EE4D-9612-1DF269D44F20}
		{79C95A04-C5EB-B140-B6A8-E51B49A787C4} = {79C95A04-C5EB-B140-B6A8-E51B49A787C4}
		{BA38C860-5F5B-394E-9281-AF654D16F3CA} = {BA38C860-5F5B-394E-9281-AF654D16F3CA}
		{A287810F-4077-F84C-AAB7-359E09F876C6} = {A287810F-4077-F84C-AAB7-359E09F876C6}
		{DE14B7DE-03DA-5C4E-861E-EA0296D3F1F3} = {DE14B7DE-03DA-5C4E-861E-EA0296D3F1F3}
	EndProjectSection
EndProject
Project("{8BC9CEB8-8B4A-11D0-8D11-00A0C91BC942}") = "Test_OpenCL_Bullet3", "Test_OpenCL_Bullet3.vcxproj", "{18B67DF9-4532-E34F-B2FB-8E6A060A15DE}"
	ProjectSection(ProjectDependencies) = postProject
		{DE14B7DE-03DA-5C4E-861E-EA0296D3F1F3} = {DE14B7DE-03DA-5C4E-861E-EA0296D3F1F3}
		{FD1C513C-B583-6445-9121-D8F46B681C9A} = {FD1C513C-B583-6445-9121-D8F46B681C9A}
		{BA38C860-5F5B-394E-9281-AF654D16F3CA} = {BA38C860-5F5B-394E-9281-AF654D16F3CA}
	EndProjectSection
EndProject
Project("{8BC9CEB8-8B4A-11D0-8D11-00A0C91BC942}") = "Test_Gwen_OpenGL", "Test_Gwen_OpenGL.vcxproj", "{D631BFA0-4A38-C643-9994-2A63D0CAFD6C}"
	ProjectSection(ProjectDependencies) = postProject
		{91C3837D-E6C2-CF4E-AA75-B4B3F5836363} = {91C3837D-E6C2-CF4E-AA75-B4B3F5836363}
	EndProjectSection
EndProject
Project("{8BC9CEB8-8B4A-11D0-8D11-00A0C91BC942}") = "BulletInverseDynamics", "BulletInverseDynamics.vcxproj", "{79C95A04-C5EB-B140-B6A8-E51B49A787C4}"
EndProject
Project("{8BC9CEB8-8B4A-11D0-8D11-00A0C91BC942}") = "BulletSoftBody", "BulletSoftBody.vcxproj", "{9B7AF303-60B3-BD4E-8712-625349D73867}"
EndProject
Project("{8BC9CEB8-8B4A-11D0-8D11-00A0C91BC942}") = "BulletDynamics", "BulletDynamics.vcxproj", "{5C6D48A9-BEF3-4443-BDA4-C486ED35CD64}"
EndProject
Project("{8BC9CEB8-8B4A-11D0-8D11-00A0C91BC942}") = "BulletCollision", "BulletCollision.vcxproj", "{479237FF-2BA7-1E4F-AD92-90153F607558}"
EndProject
Project("{8BC9CEB8-8B4A-11D0-8D11-00A0C91BC942}") = "LinearMath", "LinearMath.vcxproj", "{A287810F-4077-F84C-AAB7-359E09F876C6}"
EndProject
Global
	GlobalSection(SolutionConfigurationPlatforms) = preSolution
		Release|Win32 = Release|Win32
		Release|x64 = Release|x64
		Debug|Win32 = Debug|Win32
		Debug|x64 = Debug|x64
	EndGlobalSection
	GlobalSection(ProjectConfigurationPlatforms) = postSolution
		{857CC5AB-E528-8441-A0B2-711D0483F392}.Release|Win32.ActiveCfg = Release|Win32
		{857CC5AB-E528-8441-A0B2-711D0483F392}.Release|Win32.Build.0 = Release|Win32
		{857CC5AB-E528-8441-A0B2-711D0483F392}.Release|x64.ActiveCfg = Release|x64
		{857CC5AB-E528-8441-A0B2-711D0483F392}.Release|x64.Build.0 = Release|x64
		{857CC5AB-E528-8441-A0B2-711D0483F392}.Debug|Win32.ActiveCfg = Debug|Win32
		{857CC5AB-E528-8441-A0B2-711D0483F392}.Debug|Win32.Build.0 = Debug|Win32
		{857CC5AB-E528-8441-A0B2-711D0483F392}.Debug|x64.ActiveCfg = Debug|x64
		{857CC5AB-E528-8441-A0B2-711D0483F392}.Debug|x64.Build.0 = Debug|x64
		{4F975850-C458-8944-B8DD-8C9BB9223C0D}.Release|Win32.ActiveCfg = Release|Win32
		{4F975850-C458-8944-B8DD-8C9BB9223C0D}.Release|Win32.Build.0 = Release|Win32
		{4F975850-C458-8944-B8DD-8C9BB9223C0D}.Release|x64.ActiveCfg = Release|x64
		{4F975850-C458-8944-B8DD-8C9BB9223C0D}.Release|x64.Build.0 = Release|x64
		{4F975850-C458-8944-B8DD-8C9BB9223C0D}.Debug|Win32.ActiveCfg = Debug|Win32
		{4F975850-C458-8944-B8DD-8C9BB9223C0D}.Debug|Win32.Build.0 = Debug|Win32
		{4F975850-C458-8944-B8DD-8C9BB9223C0D}.Debug|x64.ActiveCfg = Debug|x64
		{4F975850-C458-8944-B8DD-8C9BB9223C0D}.Debug|x64.Build.0 = Debug|x64
		{5597E347-212C-6D40-8EF3-97BD86567107}.Release|Win32.ActiveCfg = Release|Win32
		{5597E347-212C-6D40-8EF3-97BD86567107}.Release|Win32.Build.0 = Release|Win32
		{5597E347-212C-6D40-8EF3-97BD86567107}.Release|x64.ActiveCfg = Release|x64
		{5597E347-212C-6D40-8EF3-97BD86567107}.Release|x64.Build.0 = Release|x64
		{5597E347-212C-6D40-8EF3-97BD86567107}.Debug|Win32.ActiveCfg = Debug|Win32
		{5597E347-212C-6D40-8EF3-97BD86567107}.Debug|Win32.Build.0 = Debug|Win32
		{5597E347-212C-6D40-8EF3-97BD86567107}.Debug|x64.ActiveCfg = Debug|x64
		{5597E347-212C-6D40-8EF3-97BD86567107}.Debug|x64.Build.0 = Debug|x64
		{91C3837D-E6C2-CF4E-AA75-B4B3F5836363}.Release|Win32.ActiveCfg = Release|Win32
		{91C3837D-E6C2-CF4E-AA75-B4B3F5836363}.Release|Win32.Build.0 = Release|Win32
		{91C3837D-E6C2-CF4E-AA75-B4B3F5836363}.Release|x64.ActiveCfg = Release|x64
		{91C3837D-E6C2-CF4E-AA75-B4B3F5836363}.Release|x64.Build.0 = Release|x64
		{91C3837D-E6C2-CF4E-AA75-B4B3F5836363}.Debug|Win32.ActiveCfg = Debug|Win32
		{91C3837D-E6C2-CF4E-AA75-B4B3F5836363}.Debug|Win32.Build.0 = Debug|Win32
		{91C3837D-E6C2-CF4E-AA75-B4B3F5836363}.Debug|x64.ActiveCfg = Debug|x64
		{91C3837D-E6C2-CF4E-AA75-B4B3F5836363}.Debug|x64.Build.0 = Debug|x64
		{7D07B399-8637-0548-B5B3-BAE2A9DB75F4}.Release|Win32.ActiveCfg = Release|Win32
		{7D07B399-8637-0548-B5B3-BAE2A9DB75F4}.Release|Win32.Build.0 = Release|Win32
		{7D07B399-8637-0548-B5B3-BAE2A9DB75F4}.Release|x64.ActiveCfg = Release|x64
		{7D07B399-8637-0548-B5B3-BAE2A9DB75F4}.Release|x64.Build.0 = Release|x64
		{7D07B399-8637-0548-B5B3-BAE2A9DB75F4}.Debug|Win32.ActiveCfg = Debug|Win32
		{7D07B399-8637-0548-B5B3-BAE2A9DB75F4}.Debug|Win32.Build.0 = Debug|Win32
		{7D07B399-8637-0548-B5B3-BAE2A9DB75F4}.Debug|x64.ActiveCfg = Debug|x64
		{7D07B399-8637-0548-B5B3-BAE2A9DB75F4}.Debug|x64.Build.0 = Debug|x64
		{24E0B952-16C7-DC4F-99FF-2F543A2D2A2F}.Release|Win32.ActiveCfg = Release|Win32
		{24E0B952-16C7-DC4F-99FF-2F543A2D2A2F}.Release|Win32.Build.0 = Release|Win32
		{24E0B952-16C7-DC4F-99FF-2F543A2D2A2F}.Release|x64.ActiveCfg = Release|x64
		{24E0B952-16C7-DC4F-99FF-2F543A2D2A2F}.Release|x64.Build.0 = Release|x64
		{24E0B952-16C7-DC4F-99FF-2F543A2D2A2F}.Debug|Win32.ActiveCfg = Debug|Win32
		{24E0B952-16C7-DC4F-99FF-2F543A2D2A2F}.Debug|Win32.Build.0 = Debug|Win32
		{24E0B952-16C7-DC4F-99FF-2F543A2D2A2F}.Debug|x64.ActiveCfg = Debug|x64
		{24E0B952-16C7-DC4F-99FF-2F543A2D2A2F}.Debug|x64.Build.0 = Debug|x64
		{6FEC6CD1-4587-BA40-9ADF-5BEAF497757A}.Release|Win32.ActiveCfg = Release|Win32
		{6FEC6CD1-4587-BA40-9ADF-5BEAF497757A}.Release|Win32.Build.0 = Release|Win32
		{6FEC6CD1-4587-BA40-9ADF-5BEAF497757A}.Release|x64.ActiveCfg = Release|x64
		{6FEC6CD1-4587-BA40-9ADF-5BEAF497757A}.Release|x64.Build.0 = Release|x64
		{6FEC6CD1-4587-BA40-9ADF-5BEAF497757A}.Debug|Win32.ActiveCfg = Debug|Win32
		{6FEC6CD1-4587-BA40-9ADF-5BEAF497757A}.Debug|Win32.Build.0 = Debug|Win32
		{6FEC6CD1-4587-BA40-9ADF-5BEAF497757A}.Debug|x64.ActiveCfg = Debug|x64
		{6FEC6CD1-4587-BA40-9ADF-5BEAF497757A}.Debug|x64.Build.0 = Debug|x64
		{9C35C7FD-9D81-ED4D-BA14-FABF28203CE5}.Release|Win32.ActiveCfg = Release|Win32
		{9C35C7FD-9D81-ED4D-BA14-FABF28203CE5}.Release|Win32.Build.0 = Release|Win32
		{9C35C7FD-9D81-ED4D-BA14-FABF28203CE5}.Release|x64.ActiveCfg = Release|x64
		{9C35C7FD-9D81-ED4D-BA14-FABF28203CE5}.Release|x64.Build.0 = Release|x64
		{9C35C7FD-9D81-ED4D-BA14-FABF28203CE5}.Debug|Win32.ActiveCfg = Debug|Win32
		{9C35C7FD-9D81-ED4D-BA14-FABF28203CE5}.Debug|Win32.Build.0 = Debug|Win32
		{9C35C7FD-9D81-ED4D-BA14-FABF28203CE5}.Debug|x64.ActiveCfg = Debug|x64
		{9C35C7FD-9D81-ED4D-BA14-FABF28203CE5}.Debug|x64.Build.0 = Debug|x64
		{76FA66F5-9522-554D-9644-A30DB441323A}.Release|Win32.ActiveCfg = Release|Win32
		{76FA66F5-9522-554D-9644-A30DB441323A}.Release|Win32.Build.0 = Release|Win32
		{76FA66F5-9522-554D-9644-A30DB441323A}.Release|x64.ActiveCfg = Release|x64
		{76FA66F5-9522-554D-9644-A30DB441323A}.Release|x64.Build.0 = Release|x64
		{76FA66F5-9522-554D-9644-A30DB441323A}.Debug|Win32.ActiveCfg = Debug|Win32
		{76FA66F5-9522-554D-9644-A30DB441323A}.Debug|Win32.Build.0 = Debug|Win32
		{76FA66F5-9522-554D-9644-A30DB441323A}.Debug|x64.ActiveCfg = Debug|x64
		{76FA66F5-9522-554D-9644-A30DB441323A}.Debug|x64.Build.0 = Debug|x64
		{D9EF285F-45EF-6743-A3FF-839B48E1072E}.Release|Win32.ActiveCfg = Release|Win32
		{D9EF285F-45EF-6743-A3FF-839B48E1072E}.Release|Win32.Build.0 = Release|Win32
		{D9EF285F-45EF-6743-A3FF-839B48E1072E}.Release|x64.ActiveCfg = Release|x64
		{D9EF285F-45EF-6743-A3FF-839B48E1072E}.Release|x64.Build.0 = Release|x64
		{D9EF285F-45EF-6743-A3FF-839B48E1072E}.Debug|Win32.ActiveCfg = Debug|Win32
		{D9EF285F-45EF-6743-A3FF-839B48E1072E}.Debug|Win32.Build.0 = Debug|Win32
		{D9EF285F-45EF-6743-A3FF-839B48E1072E}.Debug|x64.ActiveCfg = Debug|x64
		{D9EF285F-45EF-6743-A3FF-839B48E1072E}.Debug|x64.Build.0 = Debug|x64
		{4363F661-4F0E-B549-A682-25A859D72BBC}.Release|Win32.ActiveCfg = Release|Win32
		{4363F661-4F0E-B549-A682-25A859D72BBC}.Release|Win32.Build.0 = Release|Win32
		{4363F661-4F0E-B549-A682-25A859D72BBC}.Release|x64.ActiveCfg = Release|x64
		{4363F661-4F0E-B549-A682-25A859D72BBC}.Release|x64.Build.0 = Release|x64
		{4363F661-4F0E-B549-A682-25A859D72BBC}.Debug|Win32.ActiveCfg = Debug|Win32
		{4363F661-4F0E-B549-A682-25A859D72BBC}.Debug|Win32.Build.0 = Debug|Win32
		{4363F661-4F0E-B549-A682-25A859D72BBC}.Debug|x64.ActiveCfg = Debug|x64
		{4363F661-4F0E-B549-A682-25A859D72BBC}.Debug|x64.Build.0 = Debug|x64
		{A4C5DA78-C0D0-3C44-88A4-0AC482E8010F}.Release|Win32.ActiveCfg = Release|Win32
		{A4C5DA78-C0D0-3C44-88A4-0AC482E8010F}.Release|Win32.Build.0 = Release|Win32
		{A4C5DA78-C0D0-3C44-88A4-0AC482E8010F}.Release|x64.ActiveCfg = Release|x64
		{A4C5DA78-C0D0-3C44-88A4-0AC482E8010F}.Release|x64.Build.0 = Release|x64
		{A4C5DA78-C0D0-3C44-88A4-0AC482E8010F}.Debug|Win32.ActiveCfg = Debug|Win32
		{A4C5DA78-C0D0-3C44-88A4-0AC482E8010F}.Debug|Win32.Build.0 = Debug|Win32
		{A4C5DA78-C0D0-3C44-88A4-0AC482E8010F}.Debug|x64.ActiveCfg = Debug|x64
		{A4C5DA78-C0D0-3C44-88A4-0AC482E8010F}.Debug|x64.Build.0 = Debug|x64
		{5C5962FA-D6D3-6C46-A983-8337DAD0C8FE}.Release|Win32.ActiveCfg = Release|Win32
		{5C5962FA-D6D3-6C46-A983-8337DAD0C8FE}.Release|Win32.Build.0 = Release|Win32
		{5C5962FA-D6D3-6C46-A983-8337DAD0C8FE}.Release|x64.ActiveCfg = Release|x64
		{5C5962FA-D6D3-6C46-A983-8337DAD0C8FE}.Release|x64.Build.0 = Release|x64
		{5C5962FA-D6D3-6C46-A983-8337DAD0C8FE}.Debug|Win32.ActiveCfg = Debug|Win32
		{5C5962FA-D6D3-6C46-A983-8337DAD0C8FE}.Debug|Win32.Build.0 = Debug|Win32
		{5C5962FA-D6D3-6C46-A983-8337DAD0C8FE}.Debug|x64.ActiveCfg = Debug|x64
		{5C5962FA-D6D3-6C46-A983-8337DAD0C8FE}.Debug|x64.Build.0 = Debug|x64
		{108107B1-98B1-9347-8063-6F908E4D3371}.Release|Win32.ActiveCfg = Release|Win32
		{108107B1-98B1-9347-8063-6F908E4D3371}.Release|Win32.Build.0 = Release|Win32
		{108107B1-98B1-9347-8063-6F908E4D3371}.Release|x64.ActiveCfg = Release|x64
		{108107B1-98B1-9347-8063-6F908E4D3371}.Release|x64.Build.0 = Release|x64
		{108107B1-98B1-9347-8063-6F908E4D3371}.Debug|Win32.ActiveCfg = Debug|Win32
		{108107B1-98B1-9347-8063-6F908E4D3371}.Debug|Win32.Build.0 = Debug|Win32
		{108107B1-98B1-9347-8063-6F908E4D3371}.Debug|x64.ActiveCfg = Debug|x64
		{108107B1-98B1-9347-8063-6F908E4D3371}.Debug|x64.Build.0 = Debug|x64
		{2713C7AD-5C51-D74E-BBAB-36CDCA9B6C5D}.Release|Win32.ActiveCfg = Release|Win32
		{2713C7AD-5C51-D74E-BBAB-36CDCA9B6C5D}.Release|Win32.Build.0 = Release|Win32
		{2713C7AD-5C51-D74E-BBAB-36CDCA9B6C5D}.Release|x64.ActiveCfg = Release|x64
		{2713C7AD-5C51-D74E-BBAB-36CDCA9B6C5D}.Release|x64.Build.0 = Release|x64
		{2713C7AD-5C51-D74E-BBAB-36CDCA9B6C5D}.Debug|Win32.ActiveCfg = Debug|Win32
		{2713C7AD-5C51-D74E-BBAB-36CDCA9B6C5D}.Debug|Win32.Build.0 = Debug|Win32
		{2713C7AD-5C51-D74E-BBAB-36CDCA9B6C5D}.Debug|x64.ActiveCfg = Debug|x64
		{2713C7AD-5C51-D74E-BBAB-36CDCA9B6C5D}.Debug|x64.Build.0 = Debug|x64
		{803D2196-784C-DA4A-811C-DEE6D5D8064A}.Release|Win32.ActiveCfg = Release|Win32
		{803D2196-784C-DA4A-811C-DEE6D5D8064A}.Release|Win32.Build.0 = Release|Win32
		{803D2196-784C-DA4A-811C-DEE6D5D8064A}.Release|x64.ActiveCfg = Release|x64
		{803D2196-784C-DA4A-811C-DEE6D5D8064A}.Release|x64.Build.0 = Release|x64
		{803D2196-784C-DA4A-811C-DEE6D5D8064A}.Debug|Win32.ActiveCfg = Debug|Win32
		{803D2196-784C-DA4A-811C-DEE6D5D8064A}.Debug|Win32.Build.0 = Debug|Win32
		{803D2196-784C-DA4A-811C-DEE6D5D8064A}.Debug|x64.ActiveCfg = Debug|x64
		{803D2196-784C-DA4A-811C-DEE6D5D8064A}.Debug|x64.Build.0 = Debug|x64
		{F76771E4-D768-814B-8B20-B63280DC1A72}.Release|Win32.ActiveCfg = Release|Win32
		{F76771E4-D768-814B-8B20-B63280DC1A72}.Release|Win32.Build.0 = Release|Win32
		{F76771E4-D768-814B-8B20-B63280DC1A72}.Release|x64.ActiveCfg = Release|x64
		{F76771E4-D768-814B-8B20-B63280DC1A72}.Release|x64.Build.0 = Release|x64
		{F76771E4-D768-814B-8B20-B63280DC1A72}.Debug|Win32.ActiveCfg = Debug|Win32
		{F76771E4-D768-814B-8B20-B63280DC1A72}.Debug|Win32.Build.0 = Debug|Win32
		{F76771E4-D768-814B-8B20-B63280DC1A72}.Debug|x64.ActiveCfg = Debug|x64
		{F76771E4-D768-814B-8B20-B63280DC1A72}.Debug|x64.Build.0 = Debug|x64
		{0689EF33-B8CE-FB4D-8E78-C567EDEEDD43}.Release|Win32.ActiveCfg = Release|Win32
		{0689EF33-B8CE-FB4D-8E78-C567EDEEDD43}.Release|Win32.Build.0 = Release|Win32
		{0689EF33-B8CE-FB4D-8E78-C567EDEEDD43}.Release|x64.ActiveCfg = Release|x64
		{0689EF33-B8CE-FB4D-8E78-C567EDEEDD43}.Release|x64.Build.0 = Release|x64
		{0689EF33-B8CE-FB4D-8E78-C567EDEEDD43}.Debug|Win32.ActiveCfg = Debug|Win32
		{0689EF33-B8CE-FB4D-8E78-C567EDEEDD43}.Debug|Win32.Build.0 = Debug|Win32
		{0689EF33-B8CE-FB4D-8E78-C567EDEEDD43}.Debug|x64.ActiveCfg = Debug|x64
		{0689EF33-B8CE-FB4D-8E78-C567EDEEDD43}.Debug|x64.Build.0 = Debug|x64
		{848A671D-3F54-5A4C-9581-A4805E7FF5C6}.Release|Win32.ActiveCfg = Release|Win32
		{848A671D-3F54-5A4C-9581-A4805E7FF5C6}.Release|Win32.Build.0 = Release|Win32
		{848A671D-3F54-5A4C-9581-A4805E7FF5C6}.Release|x64.ActiveCfg = Release|x64
		{848A671D-3F54-5A4C-9581-A4805E7FF5C6}.Release|x64.Build.0 = Release|x64
		{848A671D-3F54-5A4C-9581-A4805E7FF5C6}.Debug|Win32.ActiveCfg = Debug|Win32
		{848A671D-3F54-5A4C-9581-A4805E7FF5C6}.Debug|Win32.Build.0 = Debug|Win32
		{848A671D-3F54-5A4C-9581-A4805E7FF5C6}.Debug|x64.ActiveCfg = Debug|x64
		{848A671D-3F54-5A4C-9581-A4805E7FF5C6}.Debug|x64.Build.0 = Debug|x64
		{B5962B38-9944-A345-AC86-F413A0598585}.Release|Win32.ActiveCfg = Release|Win32
		{B5962B38-9944-A345-AC86-F413A0598585}.Release|Win32.Build.0 = Release|Win32
		{B5962B38-9944-A345-AC86-F413A0598585}.Release|x64.ActiveCfg = Release|x64
		{B5962B38-9944-A345-AC86-F413A0598585}.Release|x64.Build.0 = Release|x64
		{B5962B38-9944-A345-AC86-F413A0598585}.Debug|Win32.ActiveCfg = Debug|Win32
		{B5962B38-9944-A345-AC86-F413A0598585}.Debug|Win32.Build.0 = Debug|Win32
		{B5962B38-9944-A345-AC86-F413A0598585}.Debug|x64.ActiveCfg = Debug|x64
		{B5962B38-9944-A345-AC86-F413A0598585}.Debug|x64.Build.0 = Debug|x64
		{00F4C920-FCC3-AE4D-BFE4-567A460840DC}.Release|Win32.ActiveCfg = Release|Win32
		{00F4C920-FCC3-AE4D-BFE4-567A460840DC}.Release|Win32.Build.0 = Release|Win32
		{00F4C920-FCC3-AE4D-BFE4-567A460840DC}.Release|x64.ActiveCfg = Release|x64
		{00F4C920-FCC3-AE4D-BFE4-567A460840DC}.Release|x64.Build.0 = Release|x64
		{00F4C920-FCC3-AE4D-BFE4-567A460840DC}.Debug|Win32.ActiveCfg = Debug|Win32
		{00F4C920-FCC3-AE4D-BFE4-567A460840DC}.Debug|Win32.Build.0 = Debug|Win32
		{00F4C920-FCC3-AE4D-BFE4-567A460840DC}.Debug|x64.ActiveCfg = Debug|x64
		{00F4C920-FCC3-AE4D-BFE4-567A460840DC}.Debug|x64.Build.0 = Debug|x64
		{DBFAF6DE-7FFE-2848-8F92-4E49E0D48D29}.Release|Win32.ActiveCfg = Release|Win32
		{DBFAF6DE-7FFE-2848-8F92-4E49E0D48D29}.Release|Win32.Build.0 = Release|Win32
		{DBFAF6DE-7FFE-2848-8F92-4E49E0D48D29}.Release|x64.ActiveCfg = Release|x64
		{DBFAF6DE-7FFE-2848-8F92-4E49E0D48D29}.Release|x64.Build.0 = Release|x64
		{DBFAF6DE-7FFE-2848-8F92-4E49E0D48D29}.Debug|Win32.ActiveCfg = Debug|Win32
		{DBFAF6DE-7FFE-2848-8F92-4E49E0D48D29}.Debug|Win32.Build.0 = Debug|Win32
		{DBFAF6DE-7FFE-2848-8F92-4E49E0D48D29}.Debug|x64.ActiveCfg = Debug|x64
		{DBFAF6DE-7FFE-2848-8F92-4E49E0D48D29}.Debug|x64.Build.0 = Debug|x64
		{F2221AD1-F436-874A-8177-8B4A289D6099}.Release|Win32.ActiveCfg = Release|Win32
		{F2221AD1-F436-874A-8177-8B4A289D6099}.Release|Win32.Build.0 = Release|Win32
		{F2221AD1-F436-874A-8177-8B4A289D6099}.Release|x64.ActiveCfg = Release|x64
		{F2221AD1-F436-874A-8177-8B4A289D6099}.Release|x64.Build.0 = Release|x64
		{F2221AD1-F436-874A-8177-8B4A289D6099}.Debug|Win32.ActiveCfg = Debug|Win32
		{F2221AD1-F436-874A-8177-8B4A289D6099}.Debug|Win32.Build.0 = Debug|Win32
		{F2221AD1-F436-874A-8177-8B4A289D6099}.Debug|x64.ActiveCfg = Debug|x64
		{F2221AD1-F436-874A-8177-8B4A289D6099}.Debug|x64.Build.0 = Debug|x64
		{DCA88F46-A2A7-FB49-BF19-3443147C4DB9}.Release|Win32.ActiveCfg = Release|Win32
		{DCA88F46-A2A7-FB49-BF19-3443147C4DB9}.Release|Win32.Build.0 = Release|Win32
		{DCA88F46-A2A7-FB49-BF19-3443147C4DB9}.Release|x64.ActiveCfg = Release|x64
		{DCA88F46-A2A7-FB49-BF19-3443147C4DB9}.Release|x64.Build.0 = Release|x64
		{DCA88F46-A2A7-FB49-BF19-3443147C4DB9}.Debug|Win32.ActiveCfg = Debug|Win32
		{DCA88F46-A2A7-FB49-BF19-3443147C4DB9}.Debug|Win32.Build.0 = Debug|Win32
		{DCA88F46-A2A7-FB49-BF19-3443147C4DB9}.Debug|x64.ActiveCfg = Debug|x64
		{DCA88F46-A2A7-FB49-BF19-3443147C4DB9}.Debug|x64.Build.0 = Debug|x64
		{E05F862B-14EB-8A49-97D1-FC645DE36920}.Release|Win32.ActiveCfg = Release|Win32
		{E05F862B-14EB-8A49-97D1-FC645DE36920}.Release|Win32.Build.0 = Release|Win32
		{E05F862B-14EB-8A49-97D1-FC645DE36920}.Release|x64.ActiveCfg = Release|x64
		{E05F862B-14EB-8A49-97D1-FC645DE36920}.Release|x64.Build.0 = Release|x64
		{E05F862B-14EB-8A49-97D1-FC645DE36920}.Debug|Win32.ActiveCfg = Debug|Win32
		{E05F862B-14EB-8A49-97D1-FC645DE36920}.Debug|Win32.Build.0 = Debug|Win32
		{E05F862B-14EB-8A49-97D1-FC645DE36920}.Debug|x64.ActiveCfg = Debug|x64
		{E05F862B-14EB-8A49-97D1-FC645DE36920}.Debug|x64.Build.0 = Debug|x64
		{55554BAC-0315-4B44-9460-089BEF35D787}.Release|Win32.ActiveCfg = Release|Win32
		{55554BAC-0315-4B44-9460-089BEF35D787}.Release|Win32.Build.0 = Release|Win32
		{55554BAC-0315-4B44-9460-089BEF35D787}.Release|x64.ActiveCfg = Release|x64
		{55554BAC-0315-4B44-9460-089BEF35D787}.Release|x64.Build.0 = Release|x64
		{55554BAC-0315-4B44-9460-089BEF35D787}.Debug|Win32.ActiveCfg = Debug|Win32
		{55554BAC-0315-4B44-9460-089BEF35D787}.Debug|Win32.Build.0 = Debug|Win32
		{55554BAC-0315-4B44-9460-089BEF35D787}.Debug|x64.ActiveCfg = Debug|x64
		{55554BAC-0315-4B44-9460-089BEF35D787}.Debug|x64.Build.0 = Debug|x64
		{EF8A2C14-D7B8-2F49-8364-4F230F3379EB}.Release|Win32.ActiveCfg = Release|Win32
		{EF8A2C14-D7B8-2F49-8364-4F230F3379EB}.Release|Win32.Build.0 = Release|Win32
		{EF8A2C14-D7B8-2F49-8364-4F230F3379EB}.Release|x64.ActiveCfg = Release|x64
		{EF8A2C14-D7B8-2F49-8364-4F230F3379EB}.Release|x64.Build.0 = Release|x64
		{EF8A2C14-D7B8-2F49-8364-4F230F3379EB}.Debug|Win32.ActiveCfg = Debug|Win32
		{EF8A2C14-D7B8-2F49-8364-4F230F3379EB}.Debug|Win32.Build.0 = Debug|Win32
		{EF8A2C14-D7B8-2F49-8364-4F230F3379EB}.Debug|x64.ActiveCfg = Debug|x64
		{EF8A2C14-D7B8-2F49-8364-4F230F3379EB}.Debug|x64.Build.0 = Debug|x64
		{E81C8DBB-DEF2-DE43-8FAC-A56312611FB5}.Release|Win32.ActiveCfg = Release|Win32
		{E81C8DBB-DEF2-DE43-8FAC-A56312611FB5}.Release|Win32.Build.0 = Release|Win32
		{E81C8DBB-DEF2-DE43-8FAC-A56312611FB5}.Release|x64.ActiveCfg = Release|x64
		{E81C8DBB-DEF2-DE43-8FAC-A56312611FB5}.Release|x64.Build.0 = Release|x64
		{E81C8DBB-DEF2-DE43-8FAC-A56312611FB5}.Debug|Win32.ActiveCfg = Debug|Win32
		{E81C8DBB-DEF2-DE43-8FAC-A56312611FB5}.Debug|Win32.Build.0 = Debug|Win32
		{E81C8DBB-DEF2-DE43-8FAC-A56312611FB5}.Debug|x64.ActiveCfg = Debug|x64
		{E81C8DBB-DEF2-DE43-8FAC-A56312611FB5}.Debug|x64.Build.0 = Debug|x64
		{C461C619-F6C0-6B40-9899-27A8BF26FE65}.Release|Win32.ActiveCfg = Release|Win32
		{C461C619-F6C0-6B40-9899-27A8BF26FE65}.Release|Win32.Build.0 = Release|Win32
		{C461C619-F6C0-6B40-9899-27A8BF26FE65}.Release|x64.ActiveCfg = Release|x64
		{C461C619-F6C0-6B40-9899-27A8BF26FE65}.Release|x64.Build.0 = Release|x64
		{C461C619-F6C0-6B40-9899-27A8BF26FE65}.Debug|Win32.ActiveCfg = Debug|Win32
		{C461C619-F6C0-6B40-9899-27A8BF26FE65}.Debug|Win32.Build.0 = Debug|Win32
		{C461C619-F6C0-6B40-9899-27A8BF26FE65}.Debug|x64.ActiveCfg = Debug|x64
		{C461C619-F6C0-6B40-9899-27A8BF26FE65}.Debug|x64.Build.0 = Debug|x64
		{8621A73D-E355-DA46-B82C-D70C54128AFC}.Release|Win32.ActiveCfg = Release|Win32
		{8621A73D-E355-DA46-B82C-D70C54128AFC}.Release|Win32.Build.0 = Release|Win32
		{8621A73D-E355-DA46-B82C-D70C54128AFC}.Release|x64.ActiveCfg = Release|x64
		{8621A73D-E355-DA46-B82C-D70C54128AFC}.Release|x64.Build.0 = Release|x64
		{8621A73D-E355-DA46-B82C-D70C54128AFC}.Debug|Win32.ActiveCfg = Debug|Win32
		{8621A73D-E355-DA46-B82C-D70C54128AFC}.Debug|Win32.Build.0 = Debug|Win32
		{8621A73D-E355-DA46-B82C-D70C54128AFC}.Debug|x64.ActiveCfg = Debug|x64
		{8621A73D-E355-DA46-B82C-D70C54128AFC}.Debug|x64.Build.0 = Debug|x64
		{AEDF994C-9557-FC43-B5C6-263EE973C6B1}.Release|Win32.ActiveCfg = Release|Win32
		{AEDF994C-9557-FC43-B5C6-263EE973C6B1}.Release|Win32.Build.0 = Release|Win32
		{AEDF994C-9557-FC43-B5C6-263EE973C6B1}.Release|x64.ActiveCfg = Release|x64
		{AEDF994C-9557-FC43-B5C6-263EE973C6B1}.Release|x64.Build.0 = Release|x64
		{AEDF994C-9557-FC43-B5C6-263EE973C6B1}.Debug|Win32.ActiveCfg = Debug|Win32
		{AEDF994C-9557-FC43-B5C6-263EE973C6B1}.Debug|Win32.Build.0 = Debug|Win32
		{AEDF994C-9557-FC43-B5C6-263EE973C6B1}.Debug|x64.ActiveCfg = Debug|x64
		{AEDF994C-9557-FC43-B5C6-263EE973C6B1}.Debug|x64.Build.0 = Debug|x64
		{8D31CC26-FDD0-814C-9128-12DAFD71A073}.Release|Win32.ActiveCfg = Release|Win32
		{8D31CC26-FDD0-814C-9128-12DAFD71A073}.Release|Win32.Build.0 = Release|Win32
		{8D31CC26-FDD0-814C-9128-12DAFD71A073}.Release|x64.ActiveCfg = Release|x64
		{8D31CC26-FDD0-814C-9128-12DAFD71A073}.Release|x64.Build.0 = Release|x64
		{8D31CC26-FDD0-814C-9128-12DAFD71A073}.Debug|Win32.ActiveCfg = Debug|Win32
		{8D31CC26-FDD0-814C-9128-12DAFD71A073}.Debug|Win32.Build.0 = Debug|Win32
		{8D31CC26-FDD0-814C-9128-12DAFD71A073}.Debug|x64.ActiveCfg = Debug|x64
		{8D31CC26-FDD0-814C-9128-12DAFD71A073}.Debug|x64.Build.0 = Debug|x64
		{213E9C30-4BE0-1748-A76A-FABBC5B4E3D4}.Release|Win32.ActiveCfg = Release|Win32
		{213E9C30-4BE0-1748-A76A-FABBC5B4E3D4}.Release|Win32.Build.0 = Release|Win32
		{213E9C30-4BE0-1748-A76A-FABBC5B4E3D4}.Release|x64.ActiveCfg = Release|x64
		{213E9C30-4BE0-1748-A76A-FABBC5B4E3D4}.Release|x64.Build.0 = Release|x64
		{213E9C30-4BE0-1748-A76A-FABBC5B4E3D4}.Debug|Win32.ActiveCfg = Debug|Win32
		{213E9C30-4BE0-1748-A76A-FABBC5B4E3D4}.Debug|Win32.Build.0 = Debug|Win32
		{213E9C30-4BE0-1748-A76A-FABBC5B4E3D4}.Debug|x64.ActiveCfg = Debug|x64
		{213E9C30-4BE0-1748-A76A-FABBC5B4E3D4}.Debug|x64.Build.0 = Debug|x64
		{DF5AEC09-A904-4644-BD4C-48193D119298}.Release|Win32.ActiveCfg = Release|Win32
		{DF5AEC09-A904-4644-BD4C-48193D119298}.Release|Win32.Build.0 = Release|Win32
		{DF5AEC09-A904-4644-BD4C-48193D119298}.Release|x64.ActiveCfg = Release|x64
		{DF5AEC09-A904-4644-BD4C-48193D119298}.Release|x64.Build.0 = Release|x64
		{DF5AEC09-A904-4644-BD4C-48193D119298}.Debug|Win32.ActiveCfg = Debug|Win32
		{DF5AEC09-A904-4644-BD4C-48193D119298}.Debug|Win32.Build.0 = Debug|Win32
		{DF5AEC09-A904-4644-BD4C-48193D119298}.Debug|x64.ActiveCfg = Debug|x64
		{DF5AEC09-A904-4644-BD4C-48193D119298}.Debug|x64.Build.0 = Debug|x64
		{90BB7746-5769-1646-9954-14621E226915}.Release|Win32.ActiveCfg = Release|Win32
		{90BB7746-5769-1646-9954-14621E226915}.Release|Win32.Build.0 = Release|Win32
		{90BB7746-5769-1646-9954-14621E226915}.Release|x64.ActiveCfg = Release|x64
		{90BB7746-5769-1646-9954-14621E226915}.Release|x64.Build.0 = Release|x64
		{90BB7746-5769-1646-9954-14621E226915}.Debug|Win32.ActiveCfg = Debug|Win32
		{90BB7746-5769-1646-9954-14621E226915}.Debug|Win32.Build.0 = Debug|Win32
		{90BB7746-5769-1646-9954-14621E226915}.Debug|x64.ActiveCfg = Debug|x64
		{90BB7746-5769-1646-9954-14621E226915}.Debug|x64.Build.0 = Debug|x64
		{BA38C860-5F5B-394E-9281-AF654D16F3CA}.Release|Win32.ActiveCfg = Release|Win32
		{BA38C860-5F5B-394E-9281-AF654D16F3CA}.Release|Win32.Build.0 = Release|Win32
		{BA38C860-5F5B-394E-9281-AF654D16F3CA}.Release|x64.ActiveCfg = Release|x64
		{BA38C860-5F5B-394E-9281-AF654D16F3CA}.Release|x64.Build.0 = Release|x64
		{BA38C860-5F5B-394E-9281-AF654D16F3CA}.Debug|Win32.ActiveCfg = Debug|Win32
		{BA38C860-5F5B-394E-9281-AF654D16F3CA}.Debug|Win32.Build.0 = Debug|Win32
		{BA38C860-5F5B-394E-9281-AF654D16F3CA}.Debug|x64.ActiveCfg = Debug|x64
		{BA38C860-5F5B-394E-9281-AF654D16F3CA}.Debug|x64.Build.0 = Debug|x64
		{3C6CAA16-C0C3-154F-A354-2522E3427DE9}.Release|Win32.ActiveCfg = Release|Win32
		{3C6CAA16-C0C3-154F-A354-2522E3427DE9}.Release|Win32.Build.0 = Release|Win32
		{3C6CAA16-C0C3-154F-A354-2522E3427DE9}.Release|x64.ActiveCfg = Release|x64
		{3C6CAA16-C0C3-154F-A354-2522E3427DE9}.Release|x64.Build.0 = Release|x64
		{3C6CAA16-C0C3-154F-A354-2522E3427DE9}.Debug|Win32.ActiveCfg = Debug|Win32
		{3C6CAA16-C0C3-154F-A354-2522E3427DE9}.Debug|Win32.Build.0 = Debug|Win32
		{3C6CAA16-C0C3-154F-A354-2522E3427DE9}.Debug|x64.ActiveCfg = Debug|x64
		{3C6CAA16-C0C3-154F-A354-2522E3427DE9}.Debug|x64.Build.0 = Debug|x64
		{B5D81C99-8046-1943-8403-B44D7C26DA5F}.Release|Win32.ActiveCfg = Release|Win32
		{B5D81C99-8046-1943-8403-B44D7C26DA5F}.Release|Win32.Build.0 = Release|Win32
		{B5D81C99-8046-1943-8403-B44D7C26DA5F}.Release|x64.ActiveCfg = Release|x64
		{B5D81C99-8046-1943-8403-B44D7C26DA5F}.Release|x64.Build.0 = Release|x64
		{B5D81C99-8046-1943-8403-B44D7C26DA5F}.Debug|Win32.ActiveCfg = Debug|Win32
		{B5D81C99-8046-1943-8403-B44D7C26DA5F}.Debug|Win32.Build.0 = Debug|Win32
		{B5D81C99-8046-1943-8403-B44D7C26DA5F}.Debug|x64.ActiveCfg = Debug|x64
		{B5D81C99-8046-1943-8403-B44D7C26DA5F}.Debug|x64.Build.0 = Debug|x64
		{C88C784F-DAD2-3042-A97D-AA8D29251FD7}.Release|Win32.ActiveCfg = Release|Win32
		{C88C784F-DAD2-3042-A97D-AA8D29251FD7}.Release|Win32.Build.0 = Release|Win32
		{C88C784F-DAD2-3042-A97D-AA8D29251FD7}.Release|x64.ActiveCfg = Release|x64
		{C88C784F-DAD2-3042-A97D-AA8D29251FD7}.Release|x64.Build.0 = Release|x64
		{C88C784F-DAD2-3042-A97D-AA8D29251FD7}.Debug|Win32.ActiveCfg = Debug|Win32
		{C88C784F-DAD2-3042-A97D-AA8D29251FD7}.Debug|Win32.Build.0 = Debug|Win32
		{C88C784F-DAD2-3042-A97D-AA8D29251FD7}.Debug|x64.ActiveCfg = Debug|x64
		{C88C784F-DAD2-3042-A97D-AA8D29251FD7}.Debug|x64.Build.0 = Debug|x64
		{FD1C513C-B583-6445-9121-D8F46B681C9A}.Release|Win32.ActiveCfg = Release|Win32
		{FD1C513C-B583-6445-9121-D8F46B681C9A}.Release|Win32.Build.0 = Release|Win32
		{FD1C513C-B583-6445-9121-D8F46B681C9A}.Release|x64.ActiveCfg = Release|x64
		{FD1C513C-B583-6445-9121-D8F46B681C9A}.Release|x64.Build.0 = Release|x64
		{FD1C513C-B583-6445-9121-D8F46B681C9A}.Debug|Win32.ActiveCfg = Debug|Win32
		{FD1C513C-B583-6445-9121-D8F46B681C9A}.Debug|Win32.Build.0 = Debug|Win32
		{FD1C513C-B583-6445-9121-D8F46B681C9A}.Debug|x64.ActiveCfg = Debug|x64
		{FD1C513C-B583-6445-9121-D8F46B681C9A}.Debug|x64.Build.0 = Debug|x64
		{1603D8BF-5B0E-D14D-9E92-F8FB28D5BCB3}.Release|Win32.ActiveCfg = Release|Win32
		{1603D8BF-5B0E-D14D-9E92-F8FB28D5BCB3}.Release|Win32.Build.0 = Release|Win32
		{1603D8BF-5B0E-D14D-9E92-F8FB28D5BCB3}.Release|x64.ActiveCfg = Release|x64
		{1603D8BF-5B0E-D14D-9E92-F8FB28D5BCB3}.Release|x64.Build.0 = Release|x64
		{1603D8BF-5B0E-D14D-9E92-F8FB28D5BCB3}.Debug|Win32.ActiveCfg = Debug|Win32
		{1603D8BF-5B0E-D14D-9E92-F8FB28D5BCB3}.Debug|Win32.Build.0 = Debug|Win32
		{1603D8BF-5B0E-D14D-9E92-F8FB28D5BCB3}.Debug|x64.ActiveCfg = Debug|x64
		{1603D8BF-5B0E-D14D-9E92-F8FB28D5BCB3}.Debug|x64.Build.0 = Debug|x64
		{7530C77E-3BC1-5B41-A332-43CF6A1E46F7}.Release|Win32.ActiveCfg = Release|Win32
		{7530C77E-3BC1-5B41-A332-43CF6A1E46F7}.Release|Win32.Build.0 = Release|Win32
		{7530C77E-3BC1-5B41-A332-43CF6A1E46F7}.Release|x64.ActiveCfg = Release|x64
		{7530C77E-3BC1-5B41-A332-43CF6A1E46F7}.Release|x64.Build.0 = Release|x64
		{7530C77E-3BC1-5B41-A332-43CF6A1E46F7}.Debug|Win32.ActiveCfg = Debug|Win32
		{7530C77E-3BC1-5B41-A332-43CF6A1E46F7}.Debug|Win32.Build.0 = Debug|Win32
		{7530C77E-3BC1-5B41-A332-43CF6A1E46F7}.Debug|x64.ActiveCfg = Debug|x64
		{7530C77E-3BC1-5B41-A332-43CF6A1E46F7}.Debug|x64.Build.0 = Debug|x64
		{9F38CD7E-F39D-9F4E-A312-93C21DF05D08}.Release|Win32.ActiveCfg = Release|Win32
		{9F38CD7E-F39D-9F4E-A312-93C21DF05D08}.Release|Win32.Build.0 = Release|Win32
		{9F38CD7E-F39D-9F4E-A312-93C21DF05D08}.Release|x64.ActiveCfg = Release|x64
		{9F38CD7E-F39D-9F4E-A312-93C21DF05D08}.Release|x64.Build.0 = Release|x64
		{9F38CD7E-F39D-9F4E-A312-93C21DF05D08}.Debug|Win32.ActiveCfg = Debug|Win32
		{9F38CD7E-F39D-9F4E-A312-93C21DF05D08}.Debug|Win32.Build.0 = Debug|Win32
		{9F38CD7E-F39D-9F4E-A312-93C21DF05D08}.Debug|x64.ActiveCfg = Debug|x64
		{9F38CD7E-F39D-9F4E-A312-93C21DF05D08}.Debug|x64.Build.0 = Debug|x64
		{41D48D7E-C872-DE41-8B39-83B4000622C6}.Release|Win32.ActiveCfg = Release|Win32
		{41D48D7E-C872-DE41-8B39-83B4000622C6}.Release|Win32.Build.0 = Release|Win32
		{41D48D7E-C872-DE41-8B39-83B4000622C6}.Release|x64.ActiveCfg = Release|x64
		{41D48D7E-C872-DE41-8B39-83B4000622C6}.Release|x64.Build.0 = Release|x64
		{41D48D7E-C872-DE41-8B39-83B4000622C6}.Debug|Win32.ActiveCfg = Debug|Win32
		{41D48D7E-C872-DE41-8B39-83B4000622C6}.Debug|Win32.Build.0 = Debug|Win32
		{41D48D7E-C872-DE41-8B39-83B4000622C6}.Debug|x64.ActiveCfg = Debug|x64
		{41D48D7E-C872-DE41-8B39-83B4000622C6}.Debug|x64.Build.0 = Debug|x64
		{E5AC999D-9D41-C84E-B8CF-7CA1A28AA055}.Release|Win32.ActiveCfg = Release|Win32
		{E5AC999D-9D41-C84E-B8CF-7CA1A28AA055}.Release|Win32.Build.0 = Release|Win32
		{E5AC999D-9D41-C84E-B8CF-7CA1A28AA055}.Release|x64.ActiveCfg = Release|x64
		{E5AC999D-9D41-C84E-B8CF-7CA1A28AA055}.Release|x64.Build.0 = Release|x64
		{E5AC999D-9D41-C84E-B8CF-7CA1A28AA055}.Debug|Win32.ActiveCfg = Debug|Win32
		{E5AC999D-9D41-C84E-B8CF-7CA1A28AA055}.Debug|Win32.Build.0 = Debug|Win32
		{E5AC999D-9D41-C84E-B8CF-7CA1A28AA055}.Debug|x64.ActiveCfg = Debug|x64
		{E5AC999D-9D41-C84E-B8CF-7CA1A28AA055}.Debug|x64.Build.0 = Debug|x64
		{AD627CF1-0677-EE4D-9612-1DF269D44F20}.Release|Win32.ActiveCfg = Release|Win32
		{AD627CF1-0677-EE4D-9612-1DF269D44F20}.Release|Win32.Build.0 = Release|Win32
		{AD627CF1-0677-EE4D-9612-1DF269D44F20}.Release|x64.ActiveCfg = Release|x64
		{AD627CF1-0677-EE4D-9612-1DF269D44F20}.Release|x64.Build.0 = Release|x64
		{AD627CF1-0677-EE4D-9612-1DF269D44F20}.Debug|Win32.ActiveCfg = Debug|Win32
		{AD627CF1-0677-EE4D-9612-1DF269D44F20}.Debug|Win32.Build.0 = Debug|Win32
		{AD627CF1-0677-EE4D-9612-1DF269D44F20}.Debug|x64.ActiveCfg = Debug|x64
		{AD627CF1-0677-EE4D-9612-1DF269D44F20}.Debug|x64.Build.0 = Debug|x64
		{1D2EE50D-5702-3845-AC66-8288C6498BBC}.Release|Win32.ActiveCfg = Release|Win32
		{1D2EE50D-5702-3845-AC66-8288C6498BBC}.Release|Win32.Build.0 = Release|Win32
		{1D2EE50D-5702-3845-AC66-8288C6498BBC}.Release|x64.ActiveCfg = Release|x64
		{1D2EE50D-5702-3845-AC66-8288C6498BBC}.Release|x64.Build.0 = Release|x64
		{1D2EE50D-5702-3845-AC66-8288C6498BBC}.Debug|Win32.ActiveCfg = Debug|Win32
		{1D2EE50D-5702-3845-AC66-8288C6498BBC}.Debug|Win32.Build.0 = Debug|Win32
		{1D2EE50D-5702-3845-AC66-8288C6498BBC}.Debug|x64.ActiveCfg = Debug|x64
		{1D2EE50D-5702-3845-AC66-8288C6498BBC}.Debug|x64.Build.0 = Debug|x64
		{0F57375D-1D78-4442-972F-DDA00C2F4E3B}.Release|Win32.ActiveCfg = Release|Win32
		{0F57375D-1D78-4442-972F-DDA00C2F4E3B}.Release|Win32.Build.0 = Release|Win32
		{0F57375D-1D78-4442-972F-DDA00C2F4E3B}.Release|x64.ActiveCfg = Release|x64
		{0F57375D-1D78-4442-972F-DDA00C2F4E3B}.Release|x64.Build.0 = Release|x64
		{0F57375D-1D78-4442-972F-DDA00C2F4E3B}.Debug|Win32.ActiveCfg = Debug|Win32
		{0F57375D-1D78-4442-972F-DDA00C2F4E3B}.Debug|Win32.Build.0 = Debug|Win32
		{0F57375D-1D78-4442-972F-DDA00C2F4E3B}.Debug|x64.ActiveCfg = Debug|x64
		{0F57375D-1D78-4442-972F-DDA00C2F4E3B}.Debug|x64.Build.0 = Debug|x64
		{B5E141F8-CE8E-EB4E-B143-A963A3CB85D0}.Release|Win32.ActiveCfg = Release|Win32
		{B5E141F8-CE8E-EB4E-B143-A963A3CB85D0}.Release|Win32.Build.0 = Release|Win32
		{B5E141F8-CE8E-EB4E-B143-A963A3CB85D0}.Release|x64.ActiveCfg = Release|x64
		{B5E141F8-CE8E-EB4E-B143-A963A3CB85D0}.Release|x64.Build.0 = Release|x64
		{B5E141F8-CE8E-EB4E-B143-A963A3CB85D0}.Debug|Win32.ActiveCfg = Debug|Win32
		{B5E141F8-CE8E-EB4E-B143-A963A3CB85D0}.Debug|Win32.Build.0 = Debug|Win32
		{B5E141F8-CE8E-EB4E-B143-A963A3CB85D0}.Debug|x64.ActiveCfg = Debug|x64
		{B5E141F8-CE8E-EB4E-B143-A963A3CB85D0}.Debug|x64.Build.0 = Debug|x64
		{913983B1-3A00-7B4B-A696-782D1F5593A5}.Release|Win32.ActiveCfg = Release|Win32
		{913983B1-3A00-7B4B-A696-782D1F5593A5}.Release|Win32.Build.0 = Release|Win32
		{913983B1-3A00-7B4B-A696-782D1F5593A5}.Release|x64.ActiveCfg = Release|x64
		{913983B1-3A00-7B4B-A696-782D1F5593A5}.Release|x64.Build.0 = Release|x64
		{913983B1-3A00-7B4B-A696-782D1F5593A5}.Debug|Win32.ActiveCfg = Debug|Win32
		{913983B1-3A00-7B4B-A696-782D1F5593A5}.Debug|Win32.Build.0 = Debug|Win32
		{913983B1-3A00-7B4B-A696-782D1F5593A5}.Debug|x64.ActiveCfg = Debug|x64
		{913983B1-3A00-7B4B-A696-782D1F5593A5}.Debug|x64.Build.0 = Debug|x64
		{DE14B7DE-03DA-5C4E-861E-EA0296D3F1F3}.Release|Win32.ActiveCfg = Release|Win32
		{DE14B7DE-03DA-5C4E-861E-EA0296D3F1F3}.Release|Win32.Build.0 = Release|Win32
		{DE14B7DE-03DA-5C4E-861E-EA0296D3F1F3}.Release|x64.ActiveCfg = Release|x64
		{DE14B7DE-03DA-5C4E-861E-EA0296D3F1F3}.Release|x64.Build.0 = Release|x64
		{DE14B7DE-03DA-5C4E-861E-EA0296D3F1F3}.Debug|Win32.ActiveCfg = Debug|Win32
		{DE14B7DE-03DA-5C4E-861E-EA0296D3F1F3}.Debug|Win32.Build.0 = Debug|Win32
		{DE14B7DE-03DA-5C4E-861E-EA0296D3F1F3}.Debug|x64.ActiveCfg = Debug|x64
		{DE14B7DE-03DA-5C4E-861E-EA0296D3F1F3}.Debug|x64.Build.0 = Debug|x64
		{5C8303AC-99D2-6C4B-B878-0E994354F019}.Release|Win32.ActiveCfg = Release|Win32
		{5C8303AC-99D2-6C4B-B878-0E994354F019}.Release|Win32.Build.0 = Release|Win32
		{5C8303AC-99D2-6C4B-B878-0E994354F019}.Release|x64.ActiveCfg = Release|x64
		{5C8303AC-99D2-6C4B-B878-0E994354F019}.Release|x64.Build.0 = Release|x64
		{5C8303AC-99D2-6C4B-B878-0E994354F019}.Debug|Win32.ActiveCfg = Debug|Win32
		{5C8303AC-99D2-6C4B-B878-0E994354F019}.Debug|Win32.Build.0 = Debug|Win32
		{5C8303AC-99D2-6C4B-B878-0E994354F019}.Debug|x64.ActiveCfg = Debug|x64
		{5C8303AC-99D2-6C4B-B878-0E994354F019}.Debug|x64.Build.0 = Debug|x64
		{88EE328C-A4B8-F844-AC8D-EB19CCDA6130}.Release|Win32.ActiveCfg = Release|Win32
		{88EE328C-A4B8-F844-AC8D-EB19CCDA6130}.Release|Win32.Build.0 = Release|Win32
		{88EE328C-A4B8-F844-AC8D-EB19CCDA6130}.Release|x64.ActiveCfg = Release|x64
		{88EE328C-A4B8-F844-AC8D-EB19CCDA6130}.Release|x64.Build.0 = Release|x64
		{88EE328C-A4B8-F844-AC8D-EB19CCDA6130}.Debug|Win32.ActiveCfg = Debug|Win32
		{88EE328C-A4B8-F844-AC8D-EB19CCDA6130}.Debug|Win32.Build.0 = Debug|Win32
		{88EE328C-A4B8-F844-AC8D-EB19CCDA6130}.Debug|x64.ActiveCfg = Debug|x64
		{88EE328C-A4B8-F844-AC8D-EB19CCDA6130}.Debug|x64.Build.0 = Debug|x64
		{3A154042-B163-8747-93B7-720C1F0C6347}.Release|Win32.ActiveCfg = Release|Win32
		{3A154042-B163-8747-93B7-720C1F0C6347}.Release|Win32.Build.0 = Release|Win32
		{3A154042-B163-8747-93B7-720C1F0C6347}.Release|x64.ActiveCfg = Release|x64
		{3A154042-B163-8747-93B7-720C1F0C6347}.Release|x64.Build.0 = Release|x64
		{3A154042-B163-8747-93B7-720C1F0C6347}.Debug|Win32.ActiveCfg = Debug|Win32
		{3A154042-B163-8747-93B7-720C1F0C6347}.Debug|Win32.Build.0 = Debug|Win32
		{3A154042-B163-8747-93B7-720C1F0C6347}.Debug|x64.ActiveCfg = Debug|x64
		{3A154042-B163-8747-93B7-720C1F0C6347}.Debug|x64.Build.0 = Debug|x64
		{A1399EB1-ABFD-A847-9756-5EA7DCE601EA}.Release|Win32.ActiveCfg = Release|Win32
		{A1399EB1-ABFD-A847-9756-5EA7DCE601EA}.Release|Win32.Build.0 = Release|Win32
		{A1399EB1-ABFD-A847-9756-5EA7DCE601EA}.Release|x64.ActiveCfg = Release|x64
		{A1399EB1-ABFD-A847-9756-5EA7DCE601EA}.Release|x64.Build.0 = Release|x64
		{A1399EB1-ABFD-A847-9756-5EA7DCE601EA}.Debug|Win32.ActiveCfg = Debug|Win32
		{A1399EB1-ABFD-A847-9756-5EA7DCE601EA}.Debug|Win32.Build.0 = Debug|Win32
		{A1399EB1-ABFD-A847-9756-5EA7DCE601EA}.Debug|x64.ActiveCfg = Debug|x64
		{A1399EB1-ABFD-A847-9756-5EA7DCE601EA}.Debug|x64.Build.0 = Debug|x64
		{F96D79C8-33E4-2847-AE4A-EF4E23F04394}.Release|Win32.ActiveCfg = Release|Win32
		{F96D79C8-33E4-2847-AE4A-EF4E23F04394}.Release|Win32.Build.0 = Release|Win32
		{F96D79C8-33E4-2847-AE4A-EF4E23F04394}.Release|x64.ActiveCfg = Release|x64
		{F96D79C8-33E4-2847-AE4A-EF4E23F04394}.Release|x64.Build.0 = Release|x64
		{F96D79C8-33E4-2847-AE4A-EF4E23F04394}.Debug|Win32.ActiveCfg = Debug|Win32
		{F96D79C8-33E4-2847-AE4A-EF4E23F04394}.Debug|Win32.Build.0 = Debug|Win32
		{F96D79C8-33E4-2847-AE4A-EF4E23F04394}.Debug|x64.ActiveCfg = Debug|x64
		{F96D79C8-33E4-2847-AE4A-EF4E23F04394}.Debug|x64.Build.0 = Debug|x64
		{18B67DF9-4532-E34F-B2FB-8E6A060A15DE}.Release|Win32.ActiveCfg = Release|Win32
		{18B67DF9-4532-E34F-B2FB-8E6A060A15DE}.Release|Win32.Build.0 = Release|Win32
		{18B67DF9-4532-E34F-B2FB-8E6A060A15DE}.Release|x64.ActiveCfg = Release|x64
		{18B67DF9-4532-E34F-B2FB-8E6A060A15DE}.Release|x64.Build.0 = Release|x64
		{18B67DF9-4532-E34F-B2FB-8E6A060A15DE}.Debug|Win32.ActiveCfg = Debug|Win32
		{18B67DF9-4532-E34F-B2FB-8E6A060A15DE}.Debug|Win32.Build.0 = Debug|Win32
		{18B67DF9-4532-E34F-B2FB-8E6A060A15DE}.Debug|x64.ActiveCfg = Debug|x64
		{18B67DF9-4532-E34F-B2FB-8E6A060A15DE}.Debug|x64.Build.0 = Debug|x64
		{D631BFA0-4A38-C643-9994-2A63D0CAFD6C}.Release|Win32.ActiveCfg = Release|Win32
		{D631BFA0-4A38-C643-9994-2A63D0CAFD6C}.Release|Win32.Build.0 = Release|Win32
		{D631BFA0-4A38-C643-9994-2A63D0CAFD6C}.Release|x64.ActiveCfg = Release|x64
		{D631BFA0-4A38-C643-9994-2A63D0CAFD6C}.Release|x64.Build.0 = Release|x64
		{D631BFA0-4A38-C643-9994-2A63D0CAFD6C}.Debug|Win32.ActiveCfg = Debug|Win32
		{D631BFA0-4A38-C643-9994-2A63D0CAFD6C}.Debug|Win32.Build.0 = Debug|Win32
		{D631BFA0-4A38-C643-9994-2A63D0CAFD6C}.Debug|x64.ActiveCfg = Debug|x64
		{D631BFA0-4A38-C643-9994-2A63D0CAFD6C}.Debug|x64.Build.0 = Debug|x64
		{79C95A04-C5EB-B140-B6A8-E51B49A787C4}.Release|Win32.ActiveCfg = Release|Win32
		{79C95A04-C5EB-B140-B6A8-E51B49A787C4}.Release|Win32.Build.0 = Release|Win32
		{79C95A04-C5EB-B140-B6A8-E51B49A787C4}.Release|x64.ActiveCfg = Release|x64
		{79C95A04-C5EB-B140-B6A8-E51B49A787C4}.Release|x64.Build.0 = Release|x64
		{79C95A04-C5EB-B140-B6A8-E51B49A787C4}.Debug|Win32.ActiveCfg = Debug|Win32
		{79C95A04-C5EB-B140-B6A8-E51B49A787C4}.Debug|Win32.Build.0 = Debug|Win32
		{79C95A04-C5EB-B140-B6A8-E51B49A787C4}.Debug|x64.ActiveCfg = Debug|x64
		{79C95A04-C5EB-B140-B6A8-E51B49A787C4}.Debug|x64.Build.0 = Debug|x64
		{9B7AF303-60B3-BD4E-8712-625349D73867}.Release|Win32.ActiveCfg = Release|Win32
		{9B7AF303-60B3-BD4E-8712-625349D73867}.Release|Win32.Build.0 = Release|Win32
		{9B7AF303-60B3-BD4E-8712-625349D73867}.Release|x64.ActiveCfg = Release|x64
		{9B7AF303-60B3-BD4E-8712-625349D73867}.Release|x64.Build.0 = Release|x64
		{9B7AF303-60B3-BD4E-8712-625349D73867}.Debug|Win32.ActiveCfg = Debug|Win32
		{9B7AF303-60B3-BD4E-8712-625349D73867}.Debug|Win32.Build.0 = Debug|Win32
		{9B7AF303-60B3-BD4E-8712-625349D73867}.Debug|x64.ActiveCfg = Debug|x64
		{9B7AF303-60B3-BD4E-8712-625349D73867}.Debug|x64.Build.0 = Debug|x64
		{5C6D48A9-BEF3-4443-BDA4-C486ED35CD64}.Release|Win32.ActiveCfg = Release|Win32
		{5C6D48A9-BEF3-4443-BDA4-C486ED35CD64}.Release|Win32.Build.0 = Release|Win32
		{5C6D48A9-BEF3-4443-BDA4-C486ED35CD64}.Release|x64.ActiveCfg = Release|x64
		{5C6D48A9-BEF3-4443-BDA4-C486ED35CD64}.Release|x64.Build.0 = Release|x64
		{5C6D48A9-BEF3-4443-BDA4-C486ED35CD64}.Debug|Win32.ActiveCfg = Debug|Win32
		{5C6D48A9-BEF3-4443-BDA4-C486ED35CD64}.Debug|Win32.Build.0 = Debug|Win32
		{5C6D48A9-BEF3-4443-BDA4-C486ED35CD64}.Debug|x64.ActiveCfg = Debug|x64
		{5C6D48A9-BEF3-4443-BDA4-C486ED35CD64}.Debug|x64.Build.0 = Debug|x64
		{479237FF-2BA7-1E4F-AD92-90153F607558}.Release|Win32.ActiveCfg = Release|Win32
		{479237FF-2BA7-1E4F-AD92-90153F607558}.Release|Win32.Build.0 = Release|Win32
		{479237FF-2BA7-1E4F-AD92-90153F607558}.Release|x64.ActiveCfg = Release|x64
		{479237FF-2BA7-1E4F-AD92-90153F607558}.Release|x64.Build.0 = Release|x64
		{479237FF-2BA7-1E4F-AD92-90153F607558}.Debug|Win32.ActiveCfg = Debug|Win32
		{479237FF-2BA7-1E4F-AD92-90153F607558}.Debug|Win32.Build.0 = Debug|Win32
		{479237FF-2BA7-1E4F-AD92-90153F607558}.Debug|x64.ActiveCfg = Debug|x64
		{479237FF-2BA7-1E4F-AD92-90153F607558}.Debug|x64.Build.0 = Debug|x64
		{A287810F-4077-F84C-AAB7-359E09F876C6}.Release|Win32.ActiveCfg = Release|Win32
		{A287810F-4077-F84C-AAB7-359E09F876C6}.Release|Win32.Build.0 = Release|Win32
		{A287810F-4077-F84C-AAB7-359E09F876C6}.Release|x64.ActiveCfg = Release|x64
		{A287810F-4077-F84C-AAB7-359E09F876C6}.Release|x64.Build.0 = Release|x64
		{A287810F-4077-F84C-AAB7-359E09F876C6}.Debug|Win32.ActiveCfg = Debug|Win32
		{A287810F-4077-F84C-AAB7-359E09F876C6}.Debug|Win32.Build.0 = Debug|Win32
		{A287810F-4077-F84C-AAB7-359E09F876C6}.Debug|x64.ActiveCfg = Debug|x64
		{A287810F-4077-F84C-AAB7-359E09F876C6}.Debug|x64.Build.0 = Debug|x64
	EndGlobalSection
	GlobalSection(SolutionProperties) = preSolution
		HideSolutionNode = FALSE
	EndGlobalSection
EndGlobal
